// !$*UTF8*$!
{
	archiveVersion = 1;
	classes = {
	};
	objectVersion = 46;
	objects = {

/* Begin PBXBuildFile section */
		380C4ED01A27E71A00301094 /* DirectionalLight.cpp in Sources */ = {isa = PBXBuildFile; fileRef = 380C4ECE1A27E71A00301094 /* DirectionalLight.cpp */; };
		382A98981A5C8C35004AA60F /* SpotLight.cpp in Sources */ = {isa = PBXBuildFile; fileRef = 382A98961A5C8C35004AA60F /* SpotLight.cpp */; };
		3832F9571A16C96C00E8E127 /* LightGroupAnimationCallback.cpp in Sources */ = {isa = PBXBuildFile; fileRef = 3832F9551A16C96C00E8E127 /* LightGroupAnimationCallback.cpp */; };
		383BB5E41A2817F0004DCC82 /* DirectionalLightCallback.cpp in Sources */ = {isa = PBXBuildFile; fileRef = 383BB5E21A2817F0004DCC82 /* DirectionalLightCallback.cpp */; };
		384294451A857295005A85B5 /* IndirectLightingPass.cpp in Sources */ = {isa = PBXBuildFile; fileRef = 384294431A857295005A85B5 /* IndirectLightingPass.cpp */; };
		384385AF1A169DF800A5EA27 /* PointLight.cpp in Sources */ = {isa = PBXBuildFile; fileRef = 384385A91A169DF800A5EA27 /* PointLight.cpp */; };
		385411C51A93648F002812EE /* LightTrackBallManipulator.cpp in Sources */ = {isa = PBXBuildFile; fileRef = 385411C31A93648F002812EE /* LightTrackBallManipulator.cpp */; };
		385B17A41A9043E800CD42B6 /* importanceSampling.vert in CopyFiles */ = {isa = PBXBuildFile; fileRef = 385B17771A9042A500CD42B6 /* importanceSampling.vert */; };
		385B17A51A9043E800CD42B6 /* importanceSampling.frag in CopyFiles */ = {isa = PBXBuildFile; fileRef = 385B17781A9042A500CD42B6 /* importanceSampling.frag */; };
		385B17A61A9043E800CD42B6 /* indirectLighting.frag in CopyFiles */ = {isa = PBXBuildFile; fileRef = 385B17791A9042A500CD42B6 /* indirectLighting.frag */; };
		385B17A71A9043E800CD42B6 /* indirectLighting.vert in CopyFiles */ = {isa = PBXBuildFile; fileRef = 385B177A1A9042A500CD42B6 /* indirectLighting.vert */; };
		385B17A81A9043E800CD42B6 /* pointLightPass.frag in CopyFiles */ = {isa = PBXBuildFile; fileRef = 385B177B1A9042A500CD42B6 /* pointLightPass.frag */; };
		385B17A91A9043E800CD42B6 /* orthoDepthMap.frag in CopyFiles */ = {isa = PBXBuildFile; fileRef = 385B177C1A9042A500CD42B6 /* orthoDepthMap.frag */; };
		385B17AA1A9043E800CD42B6 /* ssao.frag in CopyFiles */ = {isa = PBXBuildFile; fileRef = 385B177D1A9042A500CD42B6 /* ssao.frag */; };
		385B17AB1A9043E800CD42B6 /* pointLightPass.vert in CopyFiles */ = {isa = PBXBuildFile; fileRef = 385B177E1A9042A500CD42B6 /* pointLightPass.vert */; };
		385B17AC1A9043E800CD42B6 /* pointLightStencil.frag in CopyFiles */ = {isa = PBXBuildFile; fileRef = 385B177F1A9042A500CD42B6 /* pointLightStencil.frag */; };
		385B17AD1A9043E800CD42B6 /* pointLightStencil.vert in CopyFiles */ = {isa = PBXBuildFile; fileRef = 385B17801A9042A500CD42B6 /* pointLightStencil.vert */; };
		385B17AE1A9043E800CD42B6 /* gbuffer.vert in CopyFiles */ = {isa = PBXBuildFile; fileRef = 385B17811A9042A500CD42B6 /* gbuffer.vert */; };
		385B17AF1A9043E800CD42B6 /* gbuffer.frag in CopyFiles */ = {isa = PBXBuildFile; fileRef = 385B17821A9042A500CD42B6 /* gbuffer.frag */; };
		385B17B01A9043E800CD42B6 /* dirLight.frag in CopyFiles */ = {isa = PBXBuildFile; fileRef = 385B17831A9042A500CD42B6 /* dirLight.frag */; };
		385B17B11A9043E800CD42B6 /* gbuffertex.frag in CopyFiles */ = {isa = PBXBuildFile; fileRef = 385B17841A9042A500CD42B6 /* gbuffertex.frag */; };
		385B17B21A9043E800CD42B6 /* orthoDepthMap.vert in CopyFiles */ = {isa = PBXBuildFile; fileRef = 385B17851A9042A500CD42B6 /* orthoDepthMap.vert */; };
		385B17B31A9043E800CD42B6 /* fluxMipmap.frag in CopyFiles */ = {isa = PBXBuildFile; fileRef = 385B17861A9042A500CD42B6 /* fluxMipmap.frag */; };
		385B17B41A9043E800CD42B6 /* fluxMipmap.vert in CopyFiles */ = {isa = PBXBuildFile; fileRef = 385B17871A9042A500CD42B6 /* fluxMipmap.vert */; };
		385B17B51A9043E800CD42B6 /* gbuffertex.vert in CopyFiles */ = {isa = PBXBuildFile; fileRef = 385B17881A9042A500CD42B6 /* gbuffertex.vert */; };
		385B17B61A9043E800CD42B6 /* dirLight.vert in CopyFiles */ = {isa = PBXBuildFile; fileRef = 385B17891A9042A500CD42B6 /* dirLight.vert */; };
		385B17B71A9043E800CD42B6 /* finalPass.frag in CopyFiles */ = {isa = PBXBuildFile; fileRef = 385B178A1A9042A500CD42B6 /* finalPass.frag */; };
		385B17B81A9043E800CD42B6 /* toneMapping.frag in CopyFiles */ = {isa = PBXBuildFile; fileRef = 385B178B1A9042A500CD42B6 /* toneMapping.frag */; };
		385B17B91A9043E800CD42B6 /* toneMapping.vert in CopyFiles */ = {isa = PBXBuildFile; fileRef = 385B178C1A9042A500CD42B6 /* toneMapping.vert */; };
		385B17BA1A9043E800CD42B6 /* fxaa.vert in CopyFiles */ = {isa = PBXBuildFile; fileRef = 385B178D1A9042A500CD42B6 /* fxaa.vert */; };
		385B17BB1A9043E800CD42B6 /* fxaa.frag in CopyFiles */ = {isa = PBXBuildFile; fileRef = 385B178E1A9042A500CD42B6 /* fxaa.frag */; };
		385B17BC1A9043E800CD42B6 /* ssao.vert in CopyFiles */ = {isa = PBXBuildFile; fileRef = 385B178F1A9042A500CD42B6 /* ssao.vert */; };
		385B17BD1A9043E800CD42B6 /* finalPass.vert in CopyFiles */ = {isa = PBXBuildFile; fileRef = 385B17901A9042A500CD42B6 /* finalPass.vert */; };
		385B17BE1A9043E800CD42B6 /* mainScene.frag in CopyFiles */ = {isa = PBXBuildFile; fileRef = 385B17911A9042A500CD42B6 /* mainScene.frag */; };
		385B17BF1A9043E800CD42B6 /* mainScene.vert in CopyFiles */ = {isa = PBXBuildFile; fileRef = 385B17921A9042A500CD42B6 /* mainScene.vert */; };
		385B17C01A9043F300CD42B6 /* poisson.txt in CopyFiles */ = {isa = PBXBuildFile; fileRef = 385B17A31A9043C300CD42B6 /* poisson.txt */; };
		385B17C11A9043F300CD42B6 /* lightSphere.obj in CopyFiles */ = {isa = PBXBuildFile; fileRef = 385B17931A9042B400CD42B6 /* lightSphere.obj */; };
		385B17C21A9043F300CD42B6 /* poissow.tga in CopyFiles */ = {isa = PBXBuildFile; fileRef = 385B17941A9042B400CD42B6 /* poissow.tga */; };
		385B17C31A9043F300CD42B6 /* poissow.dds in CopyFiles */ = {isa = PBXBuildFile; fileRef = 385B17951A9042B400CD42B6 /* poissow.dds */; };
		385B17C41A9043F300CD42B6 /* Habib_House_Med.dds in CopyFiles */ = {isa = PBXBuildFile; fileRef = 385B17961A9042B400CD42B6 /* Habib_House_Med.dds */; };
		385B17C51A9043F300CD42B6 /* table.3ds in CopyFiles */ = {isa = PBXBuildFile; fileRef = 385B17971A9042B400CD42B6 /* table.3ds */; };
		385B17C61A9043F300CD42B6 /* tablewood.jpg in CopyFiles */ = {isa = PBXBuildFile; fileRef = 385B17981A9042B400CD42B6 /* tablewood.jpg */; };
		385B17C71A9043F300CD42B6 /* concrete.jpg in CopyFiles */ = {isa = PBXBuildFile; fileRef = 385B17991A9042B400CD42B6 /* concrete.jpg */; };
		385B17C81A9043F300CD42B6 /* random.png in CopyFiles */ = {isa = PBXBuildFile; fileRef = 385B179A1A9042B400CD42B6 /* random.png */; };
		385B17C91A9043F300CD42B6 /* west.png in CopyFiles */ = {isa = PBXBuildFile; fileRef = 385B179B1A9042B400CD42B6 /* west.png */; };
		385B17CA1A9043F300CD42B6 /* east.png in CopyFiles */ = {isa = PBXBuildFile; fileRef = 385B179C1A9042B400CD42B6 /* east.png */; };
		385B17CB1A9043F300CD42B6 /* south.png in CopyFiles */ = {isa = PBXBuildFile; fileRef = 385B179D1A9042B400CD42B6 /* south.png */; };
		385B17CC1A9043F300CD42B6 /* north.png in CopyFiles */ = {isa = PBXBuildFile; fileRef = 385B179E1A9042B400CD42B6 /* north.png */; };
		385B17CD1A9043F300CD42B6 /* down.png in CopyFiles */ = {isa = PBXBuildFile; fileRef = 385B179F1A9042B400CD42B6 /* down.png */; };
		385B17CE1A9043F300CD42B6 /* up.png in CopyFiles */ = {isa = PBXBuildFile; fileRef = 385B17A01A9042B400CD42B6 /* up.png */; };
		385B17CF1A9043F300CD42B6 /* poissow.raw in CopyFiles */ = {isa = PBXBuildFile; fileRef = 385B17A11A9042B400CD42B6 /* poissow.raw */; };
		385B17D01A9043F300CD42B6 /* castle.3DS in CopyFiles */ = {isa = PBXBuildFile; fileRef = 385B17A21A9042B400CD42B6 /* castle.3DS */; };
		385DAF6A1A8563DF00476CA3 /* VPLGroup.cpp in Sources */ = {isa = PBXBuildFile; fileRef = 385DAF681A8563DF00476CA3 /* VPLGroup.cpp */; };
		386B4C1C1A748DA3009FAB89 /* ImportanceSamplingPass.cpp in Sources */ = {isa = PBXBuildFile; fileRef = 386B4C1A1A748DA3009FAB89 /* ImportanceSamplingPass.cpp */; };
		3874AB6A1A3702CC00FDB712 /* KeyboardHandler.cpp in Sources */ = {isa = PBXBuildFile; fileRef = 3874AB681A3702CC00FDB712 /* KeyboardHandler.cpp */; };
		3874AB6D1A37040600FDB712 /* SceneEventCallback.cpp in Sources */ = {isa = PBXBuildFile; fileRef = 3874AB6B1A37040600FDB712 /* SceneEventCallback.cpp */; };
		38764D5A1A5DF3BE00B827E8 /* SpotLightGroup.cpp in Sources */ = {isa = PBXBuildFile; fileRef = 38764D581A5DF3BE00B827E8 /* SpotLightGroup.cpp */; };
		38764D611A5DFA3500B827E8 /* ShadowGroup.cpp in Sources */ = {isa = PBXBuildFile; fileRef = 38764D5F1A5DFA3500B827E8 /* ShadowGroup.cpp */; };
		388D901B1A135A31006AA441 /* GeometryPass.cpp in Sources */ = {isa = PBXBuildFile; fileRef = 388D900E1A135A31006AA441 /* GeometryPass.cpp */; };
		388D901C1A135A31006AA441 /* LightingPass.cpp in Sources */ = {isa = PBXBuildFile; fileRef = 388D90101A135A31006AA441 /* LightingPass.cpp */; };
		388D901D1A135A31006AA441 /* main.cpp in Sources */ = {isa = PBXBuildFile; fileRef = 388D90121A135A31006AA441 /* main.cpp */; };
		388D901E1A135A31006AA441 /* LightGroup.cpp in Sources */ = {isa = PBXBuildFile; fileRef = 388D90131A135A31006AA441 /* LightGroup.cpp */; };
		388D901F1A135A31006AA441 /* ScreenPass.cpp in Sources */ = {isa = PBXBuildFile; fileRef = 388D90151A135A31006AA441 /* ScreenPass.cpp */; };
		388D90201A135A31006AA441 /* Shared.cpp in Sources */ = {isa = PBXBuildFile; fileRef = 388D90171A135A31006AA441 /* Shared.cpp */; };
		388D90211A135A31006AA441 /* SSAOPass.cpp in Sources */ = {isa = PBXBuildFile; fileRef = 388D90191A135A31006AA441 /* SSAOPass.cpp */; };
		38A423CB1A15D44C0079AD58 /* Utils.cpp in Sources */ = {isa = PBXBuildFile; fileRef = 38A423CA1A15D44C0079AD58 /* Utils.cpp */; };
		38AB05431A15D2B3005FAEC3 /* LightCallback.cpp in Sources */ = {isa = PBXBuildFile; fileRef = 38AB05411A15D2B3005FAEC3 /* LightCallback.cpp */; };
		38B3CA5F1A6AF26B000335F0 /* Core.cpp in Sources */ = {isa = PBXBuildFile; fileRef = 38B3CA5D1A6AF26B000335F0 /* Core.cpp */; };
		38B3CA621A6B2351000335F0 /* LightHandler.cpp in Sources */ = {isa = PBXBuildFile; fileRef = 38B3CA601A6B2351000335F0 /* LightHandler.cpp */; };
		38B3CA7E1A6CE391000335F0 /* ShadowCallback.cpp in Sources */ = {isa = PBXBuildFile; fileRef = 38B3CA7C1A6CE391000335F0 /* ShadowCallback.cpp */; };
		38C0B8E41A27E8EF0060E169 /* DirectionalLightGroup.cpp in Sources */ = {isa = PBXBuildFile; fileRef = 38C0B8E21A27E8EF0060E169 /* DirectionalLightGroup.cpp */; };
		38C0B8E71A27ECDD0060E169 /* DirectionalLightingPass.cpp in Sources */ = {isa = PBXBuildFile; fileRef = 38C0B8E51A27ECDD0060E169 /* DirectionalLightingPass.cpp */; };
		38C4BC2D19FE2D49005430B2 /* libOpenThreads.3.2.1.dylib in Frameworks */ = {isa = PBXBuildFile; fileRef = 38C4BBFA19FE2D49005430B2 /* libOpenThreads.3.2.1.dylib */; };
		38C4BC2E19FE2D49005430B2 /* libOpenThreads.20.dylib in Frameworks */ = {isa = PBXBuildFile; fileRef = 38C4BBFB19FE2D49005430B2 /* libOpenThreads.20.dylib */; };
		38C4BC2F19FE2D49005430B2 /* libOpenThreads.dylib in Frameworks */ = {isa = PBXBuildFile; fileRef = 38C4BBFC19FE2D49005430B2 /* libOpenThreads.dylib */; };
		38C4BC3019FE2D49005430B2 /* libosg.3.2.1.dylib in Frameworks */ = {isa = PBXBuildFile; fileRef = 38C4BBFD19FE2D49005430B2 /* libosg.3.2.1.dylib */; };
		38C4BC3119FE2D49005430B2 /* libosg.100.dylib in Frameworks */ = {isa = PBXBuildFile; fileRef = 38C4BBFE19FE2D49005430B2 /* libosg.100.dylib */; };
		38C4BC3219FE2D49005430B2 /* libosg.dylib in Frameworks */ = {isa = PBXBuildFile; fileRef = 38C4BBFF19FE2D49005430B2 /* libosg.dylib */; };
		38C4BC3319FE2D49005430B2 /* libosgAnimation.3.2.1.dylib in Frameworks */ = {isa = PBXBuildFile; fileRef = 38C4BC0019FE2D49005430B2 /* libosgAnimation.3.2.1.dylib */; };
		38C4BC3419FE2D49005430B2 /* libosgAnimation.100.dylib in Frameworks */ = {isa = PBXBuildFile; fileRef = 38C4BC0119FE2D49005430B2 /* libosgAnimation.100.dylib */; };
		38C4BC3519FE2D49005430B2 /* libosgAnimation.dylib in Frameworks */ = {isa = PBXBuildFile; fileRef = 38C4BC0219FE2D49005430B2 /* libosgAnimation.dylib */; };
		38C4BC3619FE2D49005430B2 /* libosgDB.3.2.1.dylib in Frameworks */ = {isa = PBXBuildFile; fileRef = 38C4BC0319FE2D49005430B2 /* libosgDB.3.2.1.dylib */; };
		38C4BC3719FE2D49005430B2 /* libosgDB.100.dylib in Frameworks */ = {isa = PBXBuildFile; fileRef = 38C4BC0419FE2D49005430B2 /* libosgDB.100.dylib */; };
		38C4BC3819FE2D49005430B2 /* libosgDB.dylib in Frameworks */ = {isa = PBXBuildFile; fileRef = 38C4BC0519FE2D49005430B2 /* libosgDB.dylib */; };
		38C4BC3919FE2D49005430B2 /* libosgFX.3.2.1.dylib in Frameworks */ = {isa = PBXBuildFile; fileRef = 38C4BC0619FE2D49005430B2 /* libosgFX.3.2.1.dylib */; };
		38C4BC3A19FE2D49005430B2 /* libosgFX.100.dylib in Frameworks */ = {isa = PBXBuildFile; fileRef = 38C4BC0719FE2D49005430B2 /* libosgFX.100.dylib */; };
		38C4BC3B19FE2D49005430B2 /* libosgFX.dylib in Frameworks */ = {isa = PBXBuildFile; fileRef = 38C4BC0819FE2D49005430B2 /* libosgFX.dylib */; };
		38C4BC3C19FE2D49005430B2 /* libosgGA.3.2.1.dylib in Frameworks */ = {isa = PBXBuildFile; fileRef = 38C4BC0919FE2D49005430B2 /* libosgGA.3.2.1.dylib */; };
		38C4BC3D19FE2D49005430B2 /* libosgGA.100.dylib in Frameworks */ = {isa = PBXBuildFile; fileRef = 38C4BC0A19FE2D49005430B2 /* libosgGA.100.dylib */; };
		38C4BC3E19FE2D49005430B2 /* libosgGA.dylib in Frameworks */ = {isa = PBXBuildFile; fileRef = 38C4BC0B19FE2D49005430B2 /* libosgGA.dylib */; };
		38C4BC3F19FE2D49005430B2 /* libosgManipulator.3.2.1.dylib in Frameworks */ = {isa = PBXBuildFile; fileRef = 38C4BC0C19FE2D49005430B2 /* libosgManipulator.3.2.1.dylib */; };
		38C4BC4019FE2D49005430B2 /* libosgManipulator.100.dylib in Frameworks */ = {isa = PBXBuildFile; fileRef = 38C4BC0D19FE2D49005430B2 /* libosgManipulator.100.dylib */; };
		38C4BC4119FE2D49005430B2 /* libosgManipulator.dylib in Frameworks */ = {isa = PBXBuildFile; fileRef = 38C4BC0E19FE2D49005430B2 /* libosgManipulator.dylib */; };
		38C4BC4219FE2D49005430B2 /* libosgParticle.3.2.1.dylib in Frameworks */ = {isa = PBXBuildFile; fileRef = 38C4BC0F19FE2D49005430B2 /* libosgParticle.3.2.1.dylib */; };
		38C4BC4319FE2D49005430B2 /* libosgParticle.100.dylib in Frameworks */ = {isa = PBXBuildFile; fileRef = 38C4BC1019FE2D49005430B2 /* libosgParticle.100.dylib */; };
		38C4BC4419FE2D49005430B2 /* libosgParticle.dylib in Frameworks */ = {isa = PBXBuildFile; fileRef = 38C4BC1119FE2D49005430B2 /* libosgParticle.dylib */; };
		38C4BC4519FE2D49005430B2 /* libosgPresentation.3.2.1.dylib in Frameworks */ = {isa = PBXBuildFile; fileRef = 38C4BC1219FE2D49005430B2 /* libosgPresentation.3.2.1.dylib */; };
		38C4BC4619FE2D49005430B2 /* libosgPresentation.100.dylib in Frameworks */ = {isa = PBXBuildFile; fileRef = 38C4BC1319FE2D49005430B2 /* libosgPresentation.100.dylib */; };
		38C4BC4719FE2D49005430B2 /* libosgPresentation.dylib in Frameworks */ = {isa = PBXBuildFile; fileRef = 38C4BC1419FE2D49005430B2 /* libosgPresentation.dylib */; };
		38C4BC4819FE2D49005430B2 /* libosgShadow.3.2.1.dylib in Frameworks */ = {isa = PBXBuildFile; fileRef = 38C4BC1519FE2D49005430B2 /* libosgShadow.3.2.1.dylib */; };
		38C4BC4919FE2D49005430B2 /* libosgShadow.100.dylib in Frameworks */ = {isa = PBXBuildFile; fileRef = 38C4BC1619FE2D49005430B2 /* libosgShadow.100.dylib */; };
		38C4BC4A19FE2D49005430B2 /* libosgShadow.dylib in Frameworks */ = {isa = PBXBuildFile; fileRef = 38C4BC1719FE2D49005430B2 /* libosgShadow.dylib */; };
		38C4BC4B19FE2D49005430B2 /* libosgSim.3.2.1.dylib in Frameworks */ = {isa = PBXBuildFile; fileRef = 38C4BC1819FE2D49005430B2 /* libosgSim.3.2.1.dylib */; };
		38C4BC4C19FE2D49005430B2 /* libosgSim.100.dylib in Frameworks */ = {isa = PBXBuildFile; fileRef = 38C4BC1919FE2D49005430B2 /* libosgSim.100.dylib */; };
		38C4BC4D19FE2D49005430B2 /* libosgSim.dylib in Frameworks */ = {isa = PBXBuildFile; fileRef = 38C4BC1A19FE2D49005430B2 /* libosgSim.dylib */; };
		38C4BC4E19FE2D49005430B2 /* libosgTerrain.3.2.1.dylib in Frameworks */ = {isa = PBXBuildFile; fileRef = 38C4BC1B19FE2D49005430B2 /* libosgTerrain.3.2.1.dylib */; };
		38C4BC4F19FE2D49005430B2 /* libosgTerrain.100.dylib in Frameworks */ = {isa = PBXBuildFile; fileRef = 38C4BC1C19FE2D49005430B2 /* libosgTerrain.100.dylib */; };
		38C4BC5019FE2D49005430B2 /* libosgTerrain.dylib in Frameworks */ = {isa = PBXBuildFile; fileRef = 38C4BC1D19FE2D49005430B2 /* libosgTerrain.dylib */; };
		38C4BC5119FE2D49005430B2 /* libosgText.3.2.1.dylib in Frameworks */ = {isa = PBXBuildFile; fileRef = 38C4BC1E19FE2D49005430B2 /* libosgText.3.2.1.dylib */; };
		38C4BC5219FE2D49005430B2 /* libosgText.100.dylib in Frameworks */ = {isa = PBXBuildFile; fileRef = 38C4BC1F19FE2D49005430B2 /* libosgText.100.dylib */; };
		38C4BC5319FE2D49005430B2 /* libosgText.dylib in Frameworks */ = {isa = PBXBuildFile; fileRef = 38C4BC2019FE2D49005430B2 /* libosgText.dylib */; };
		38C4BC5419FE2D49005430B2 /* libosgUtil.3.2.1.dylib in Frameworks */ = {isa = PBXBuildFile; fileRef = 38C4BC2119FE2D49005430B2 /* libosgUtil.3.2.1.dylib */; };
		38C4BC5519FE2D49005430B2 /* libosgUtil.100.dylib in Frameworks */ = {isa = PBXBuildFile; fileRef = 38C4BC2219FE2D49005430B2 /* libosgUtil.100.dylib */; };
		38C4BC5619FE2D49005430B2 /* libosgUtil.dylib in Frameworks */ = {isa = PBXBuildFile; fileRef = 38C4BC2319FE2D49005430B2 /* libosgUtil.dylib */; };
		38C4BC5719FE2D49005430B2 /* libosgViewer.3.2.1.dylib in Frameworks */ = {isa = PBXBuildFile; fileRef = 38C4BC2419FE2D49005430B2 /* libosgViewer.3.2.1.dylib */; };
		38C4BC5819FE2D49005430B2 /* libosgViewer.100.dylib in Frameworks */ = {isa = PBXBuildFile; fileRef = 38C4BC2519FE2D49005430B2 /* libosgViewer.100.dylib */; };
		38C4BC5919FE2D49005430B2 /* libosgViewer.dylib in Frameworks */ = {isa = PBXBuildFile; fileRef = 38C4BC2619FE2D49005430B2 /* libosgViewer.dylib */; };
		38C4BC5A19FE2D49005430B2 /* libosgVolume.3.2.1.dylib in Frameworks */ = {isa = PBXBuildFile; fileRef = 38C4BC2719FE2D49005430B2 /* libosgVolume.3.2.1.dylib */; };
		38C4BC5B19FE2D49005430B2 /* libosgVolume.100.dylib in Frameworks */ = {isa = PBXBuildFile; fileRef = 38C4BC2819FE2D49005430B2 /* libosgVolume.100.dylib */; };
		38C4BC5C19FE2D49005430B2 /* libosgVolume.dylib in Frameworks */ = {isa = PBXBuildFile; fileRef = 38C4BC2919FE2D49005430B2 /* libosgVolume.dylib */; };
		38C4BC5D19FE2D49005430B2 /* libosgWidget.3.2.1.dylib in Frameworks */ = {isa = PBXBuildFile; fileRef = 38C4BC2A19FE2D49005430B2 /* libosgWidget.3.2.1.dylib */; };
		38C4BC5E19FE2D49005430B2 /* libosgWidget.100.dylib in Frameworks */ = {isa = PBXBuildFile; fileRef = 38C4BC2B19FE2D49005430B2 /* libosgWidget.100.dylib */; };
		38C4BC5F19FE2D49005430B2 /* libosgWidget.dylib in Frameworks */ = {isa = PBXBuildFile; fileRef = 38C4BC2C19FE2D49005430B2 /* libosgWidget.dylib */; };
		38C4BC6219FE3F6D005430B2 /* osgdb_deprecated_osg.so in Frameworks */ = {isa = PBXBuildFile; fileRef = 38C4BC6019FE3F6D005430B2 /* osgdb_deprecated_osg.so */; };
		38C4BC6319FE3F6D005430B2 /* osgdb_osg.so in Frameworks */ = {isa = PBXBuildFile; fileRef = 38C4BC6119FE3F6D005430B2 /* osgdb_osg.so */; };
		38DB2D281A8DE30E0048A061 /* OpenGL.framework in Frameworks */ = {isa = PBXBuildFile; fileRef = 38DB2D271A8DE30E0048A061 /* OpenGL.framework */; };
		38DFB4681A15791C00F5AA6D /* FinalPass.cpp in Sources */ = {isa = PBXBuildFile; fileRef = 38DFB4661A15791C00F5AA6D /* FinalPass.cpp */; };
		38E0EEBF1A3AB52E004DD045 /* HDRPass.cpp in Sources */ = {isa = PBXBuildFile; fileRef = 38E0EEBD1A3AB52E004DD045 /* HDRPass.cpp */; };
		38E0EEC71A3B50E0004DD045 /* SkyDome.cpp in Sources */ = {isa = PBXBuildFile; fileRef = 38E0EEC61A3B50E0004DD045 /* SkyDome.cpp */; };
		38E0EECB1A3B518C004DD045 /* SphereSegment.cpp in Sources */ = {isa = PBXBuildFile; fileRef = 38E0EECA1A3B518C004DD045 /* SphereSegment.cpp */; };
		38EDCBE01A2DED62008B5C88 /* libosgOcean.dylib in Frameworks */ = {isa = PBXBuildFile; fileRef = 38EDCBDF1A2DED62008B5C88 /* libosgOcean.dylib */; };
		38FBC4FC1A2C5BD40024CD24 /* AssetDB.cpp in Sources */ = {isa = PBXBuildFile; fileRef = 38FBC4FA1A2C5BD40024CD24 /* AssetDB.cpp */; };
		38FBC4FF1A2C6F830024CD24 /* Material.cpp in Sources */ = {isa = PBXBuildFile; fileRef = 38FBC4FD1A2C6F830024CD24 /* Material.cpp */; };
/* End PBXBuildFile section */

/* Begin PBXCopyFilesBuildPhase section */
		38C4BBEE19FE2CBE005430B2 /* CopyFiles */ = {
			isa = PBXCopyFilesBuildPhase;
			buildActionMask = 12;
			dstPath = "";
			dstSubfolderSpec = 6;
			files = (
				385B17C01A9043F300CD42B6 /* poisson.txt in CopyFiles */,
				385B17C11A9043F300CD42B6 /* lightSphere.obj in CopyFiles */,
				385B17C21A9043F300CD42B6 /* poissow.tga in CopyFiles */,
				385B17C31A9043F300CD42B6 /* poissow.dds in CopyFiles */,
				385B17C41A9043F300CD42B6 /* Habib_House_Med.dds in CopyFiles */,
				385B17C51A9043F300CD42B6 /* table.3ds in CopyFiles */,
				385B17C61A9043F300CD42B6 /* tablewood.jpg in CopyFiles */,
				385B17C71A9043F300CD42B6 /* concrete.jpg in CopyFiles */,
				385B17C81A9043F300CD42B6 /* random.png in CopyFiles */,
				385B17C91A9043F300CD42B6 /* west.png in CopyFiles */,
				385B17CA1A9043F300CD42B6 /* east.png in CopyFiles */,
				385B17CB1A9043F300CD42B6 /* south.png in CopyFiles */,
				385B17CC1A9043F300CD42B6 /* north.png in CopyFiles */,
				385B17CD1A9043F300CD42B6 /* down.png in CopyFiles */,
				385B17CE1A9043F300CD42B6 /* up.png in CopyFiles */,
				385B17CF1A9043F300CD42B6 /* poissow.raw in CopyFiles */,
				385B17D01A9043F300CD42B6 /* castle.3DS in CopyFiles */,
				385B17A41A9043E800CD42B6 /* importanceSampling.vert in CopyFiles */,
				385B17A51A9043E800CD42B6 /* importanceSampling.frag in CopyFiles */,
				385B17A61A9043E800CD42B6 /* indirectLighting.frag in CopyFiles */,
				385B17A71A9043E800CD42B6 /* indirectLighting.vert in CopyFiles */,
				385B17A81A9043E800CD42B6 /* pointLightPass.frag in CopyFiles */,
				385B17A91A9043E800CD42B6 /* orthoDepthMap.frag in CopyFiles */,
				385B17AA1A9043E800CD42B6 /* ssao.frag in CopyFiles */,
				385B17AB1A9043E800CD42B6 /* pointLightPass.vert in CopyFiles */,
				385B17AC1A9043E800CD42B6 /* pointLightStencil.frag in CopyFiles */,
				385B17AD1A9043E800CD42B6 /* pointLightStencil.vert in CopyFiles */,
				385B17AE1A9043E800CD42B6 /* gbuffer.vert in CopyFiles */,
				385B17AF1A9043E800CD42B6 /* gbuffer.frag in CopyFiles */,
				385B17B01A9043E800CD42B6 /* dirLight.frag in CopyFiles */,
				385B17B11A9043E800CD42B6 /* gbuffertex.frag in CopyFiles */,
				385B17B21A9043E800CD42B6 /* orthoDepthMap.vert in CopyFiles */,
				385B17B31A9043E800CD42B6 /* fluxMipmap.frag in CopyFiles */,
				385B17B41A9043E800CD42B6 /* fluxMipmap.vert in CopyFiles */,
				385B17B51A9043E800CD42B6 /* gbuffertex.vert in CopyFiles */,
				385B17B61A9043E800CD42B6 /* dirLight.vert in CopyFiles */,
				385B17B71A9043E800CD42B6 /* finalPass.frag in CopyFiles */,
				385B17B81A9043E800CD42B6 /* toneMapping.frag in CopyFiles */,
				385B17B91A9043E800CD42B6 /* toneMapping.vert in CopyFiles */,
				385B17BA1A9043E800CD42B6 /* fxaa.vert in CopyFiles */,
				385B17BB1A9043E800CD42B6 /* fxaa.frag in CopyFiles */,
				385B17BC1A9043E800CD42B6 /* ssao.vert in CopyFiles */,
				385B17BD1A9043E800CD42B6 /* finalPass.vert in CopyFiles */,
				385B17BE1A9043E800CD42B6 /* mainScene.frag in CopyFiles */,
				385B17BF1A9043E800CD42B6 /* mainScene.vert in CopyFiles */,
			);
			runOnlyForDeploymentPostprocessing = 0;
		};
/* End PBXCopyFilesBuildPhase section */

/* Begin PBXFileReference section */
		380C4ECE1A27E71A00301094 /* DirectionalLight.cpp */ = {isa = PBXFileReference; fileEncoding = 4; lastKnownFileType = sourcecode.cpp.cpp; path = DirectionalLight.cpp; sourceTree = "<group>"; };
		380C4ECF1A27E71A00301094 /* DirectionalLight.h */ = {isa = PBXFileReference; fileEncoding = 4; lastKnownFileType = sourcecode.c.h; path = DirectionalLight.h; sourceTree = "<group>"; };
		382A98961A5C8C35004AA60F /* SpotLight.cpp */ = {isa = PBXFileReference; fileEncoding = 4; lastKnownFileType = sourcecode.cpp.cpp; path = SpotLight.cpp; sourceTree = "<group>"; };
		382A98971A5C8C35004AA60F /* SpotLight.h */ = {isa = PBXFileReference; fileEncoding = 4; lastKnownFileType = sourcecode.c.h; path = SpotLight.h; sourceTree = "<group>"; };
		3832F9551A16C96C00E8E127 /* LightGroupAnimationCallback.cpp */ = {isa = PBXFileReference; fileEncoding = 4; lastKnownFileType = sourcecode.cpp.cpp; path = LightGroupAnimationCallback.cpp; sourceTree = "<group>"; };
		3832F9561A16C96C00E8E127 /* LightGroupAnimationCallback.h */ = {isa = PBXFileReference; fileEncoding = 4; lastKnownFileType = sourcecode.c.h; path = LightGroupAnimationCallback.h; sourceTree = "<group>"; };
		383BB5E21A2817F0004DCC82 /* DirectionalLightCallback.cpp */ = {isa = PBXFileReference; fileEncoding = 4; lastKnownFileType = sourcecode.cpp.cpp; path = DirectionalLightCallback.cpp; sourceTree = "<group>"; };
		383BB5E31A2817F0004DCC82 /* DirectionalLightCallback.h */ = {isa = PBXFileReference; fileEncoding = 4; lastKnownFileType = sourcecode.c.h; path = DirectionalLightCallback.h; sourceTree = "<group>"; };
		384294431A857295005A85B5 /* IndirectLightingPass.cpp */ = {isa = PBXFileReference; fileEncoding = 4; lastKnownFileType = sourcecode.cpp.cpp; path = IndirectLightingPass.cpp; sourceTree = "<group>"; };
		384294441A857295005A85B5 /* IndirectLightingPass.h */ = {isa = PBXFileReference; fileEncoding = 4; lastKnownFileType = sourcecode.c.h; path = IndirectLightingPass.h; sourceTree = "<group>"; };
		384294471A880F84005A85B5 /* Light.cpp */ = {isa = PBXFileReference; fileEncoding = 4; lastKnownFileType = sourcecode.cpp.cpp; name = Light.cpp; path = "../OpenSceneGraph-3.2.1/src/osg/Light.cpp"; sourceTree = "<group>"; };
		384385A91A169DF800A5EA27 /* PointLight.cpp */ = {isa = PBXFileReference; fileEncoding = 4; lastKnownFileType = sourcecode.cpp.cpp; path = PointLight.cpp; sourceTree = "<group>"; };
		385411C31A93648F002812EE /* LightTrackBallManipulator.cpp */ = {isa = PBXFileReference; fileEncoding = 4; lastKnownFileType = sourcecode.cpp.cpp; path = LightTrackBallManipulator.cpp; sourceTree = "<group>"; };
		385411C41A93648F002812EE /* LightTrackBallManipulator.h */ = {isa = PBXFileReference; fileEncoding = 4; lastKnownFileType = sourcecode.c.h; path = LightTrackBallManipulator.h; sourceTree = "<group>"; };
		385B17771A9042A500CD42B6 /* importanceSampling.vert */ = {isa = PBXFileReference; fileEncoding = 4; lastKnownFileType = sourcecode.glsl; name = importanceSampling.vert; path = Shaders/importanceSampling.vert; sourceTree = "<group>"; };
		385B17781A9042A500CD42B6 /* importanceSampling.frag */ = {isa = PBXFileReference; fileEncoding = 4; lastKnownFileType = sourcecode.glsl; name = importanceSampling.frag; path = Shaders/importanceSampling.frag; sourceTree = "<group>"; };
		385B17791A9042A500CD42B6 /* indirectLighting.frag */ = {isa = PBXFileReference; fileEncoding = 4; lastKnownFileType = sourcecode.glsl; name = indirectLighting.frag; path = Shaders/indirectLighting.frag; sourceTree = "<group>"; };
		385B177A1A9042A500CD42B6 /* indirectLighting.vert */ = {isa = PBXFileReference; fileEncoding = 4; lastKnownFileType = sourcecode.glsl; name = indirectLighting.vert; path = Shaders/indirectLighting.vert; sourceTree = "<group>"; };
		385B177B1A9042A500CD42B6 /* pointLightPass.frag */ = {isa = PBXFileReference; fileEncoding = 4; lastKnownFileType = sourcecode.glsl; name = pointLightPass.frag; path = Shaders/pointLightPass.frag; sourceTree = "<group>"; };
		385B177C1A9042A500CD42B6 /* orthoDepthMap.frag */ = {isa = PBXFileReference; fileEncoding = 4; lastKnownFileType = sourcecode.glsl; name = orthoDepthMap.frag; path = Shaders/orthoDepthMap.frag; sourceTree = "<group>"; };
		385B177D1A9042A500CD42B6 /* ssao.frag */ = {isa = PBXFileReference; fileEncoding = 4; lastKnownFileType = sourcecode.glsl; name = ssao.frag; path = Shaders/ssao.frag; sourceTree = "<group>"; };
		385B177E1A9042A500CD42B6 /* pointLightPass.vert */ = {isa = PBXFileReference; fileEncoding = 4; lastKnownFileType = sourcecode.glsl; name = pointLightPass.vert; path = Shaders/pointLightPass.vert; sourceTree = "<group>"; };
		385B177F1A9042A500CD42B6 /* pointLightStencil.frag */ = {isa = PBXFileReference; fileEncoding = 4; lastKnownFileType = sourcecode.glsl; name = pointLightStencil.frag; path = Shaders/pointLightStencil.frag; sourceTree = "<group>"; };
		385B17801A9042A500CD42B6 /* pointLightStencil.vert */ = {isa = PBXFileReference; fileEncoding = 4; lastKnownFileType = sourcecode.glsl; name = pointLightStencil.vert; path = Shaders/pointLightStencil.vert; sourceTree = "<group>"; };
		385B17811A9042A500CD42B6 /* gbuffer.vert */ = {isa = PBXFileReference; fileEncoding = 4; lastKnownFileType = sourcecode.glsl; name = gbuffer.vert; path = Shaders/gbuffer.vert; sourceTree = "<group>"; };
		385B17821A9042A500CD42B6 /* gbuffer.frag */ = {isa = PBXFileReference; fileEncoding = 4; lastKnownFileType = sourcecode.glsl; name = gbuffer.frag; path = Shaders/gbuffer.frag; sourceTree = "<group>"; };
		385B17831A9042A500CD42B6 /* dirLight.frag */ = {isa = PBXFileReference; fileEncoding = 4; lastKnownFileType = sourcecode.glsl; name = dirLight.frag; path = Shaders/dirLight.frag; sourceTree = "<group>"; };
		385B17841A9042A500CD42B6 /* gbuffertex.frag */ = {isa = PBXFileReference; fileEncoding = 4; lastKnownFileType = sourcecode.glsl; name = gbuffertex.frag; path = Shaders/gbuffertex.frag; sourceTree = "<group>"; };
		385B17851A9042A500CD42B6 /* orthoDepthMap.vert */ = {isa = PBXFileReference; fileEncoding = 4; lastKnownFileType = sourcecode.glsl; name = orthoDepthMap.vert; path = Shaders/orthoDepthMap.vert; sourceTree = "<group>"; };
		385B17861A9042A500CD42B6 /* fluxMipmap.frag */ = {isa = PBXFileReference; fileEncoding = 4; lastKnownFileType = sourcecode.glsl; name = fluxMipmap.frag; path = Shaders/fluxMipmap.frag; sourceTree = "<group>"; };
		385B17871A9042A500CD42B6 /* fluxMipmap.vert */ = {isa = PBXFileReference; fileEncoding = 4; lastKnownFileType = sourcecode.glsl; name = fluxMipmap.vert; path = Shaders/fluxMipmap.vert; sourceTree = "<group>"; };
		385B17881A9042A500CD42B6 /* gbuffertex.vert */ = {isa = PBXFileReference; fileEncoding = 4; lastKnownFileType = sourcecode.glsl; name = gbuffertex.vert; path = Shaders/gbuffertex.vert; sourceTree = "<group>"; };
		385B17891A9042A500CD42B6 /* dirLight.vert */ = {isa = PBXFileReference; fileEncoding = 4; lastKnownFileType = sourcecode.glsl; name = dirLight.vert; path = Shaders/dirLight.vert; sourceTree = "<group>"; };
		385B178A1A9042A500CD42B6 /* finalPass.frag */ = {isa = PBXFileReference; fileEncoding = 4; lastKnownFileType = sourcecode.glsl; name = finalPass.frag; path = Shaders/finalPass.frag; sourceTree = "<group>"; };
		385B178B1A9042A500CD42B6 /* toneMapping.frag */ = {isa = PBXFileReference; fileEncoding = 4; lastKnownFileType = sourcecode.glsl; name = toneMapping.frag; path = Shaders/toneMapping.frag; sourceTree = "<group>"; };
		385B178C1A9042A500CD42B6 /* toneMapping.vert */ = {isa = PBXFileReference; fileEncoding = 4; lastKnownFileType = sourcecode.glsl; name = toneMapping.vert; path = Shaders/toneMapping.vert; sourceTree = "<group>"; };
		385B178D1A9042A500CD42B6 /* fxaa.vert */ = {isa = PBXFileReference; fileEncoding = 4; lastKnownFileType = sourcecode.glsl; name = fxaa.vert; path = Shaders/fxaa.vert; sourceTree = "<group>"; };
		385B178E1A9042A500CD42B6 /* fxaa.frag */ = {isa = PBXFileReference; fileEncoding = 4; lastKnownFileType = sourcecode.glsl; name = fxaa.frag; path = Shaders/fxaa.frag; sourceTree = "<group>"; };
		385B178F1A9042A500CD42B6 /* ssao.vert */ = {isa = PBXFileReference; fileEncoding = 4; lastKnownFileType = sourcecode.glsl; name = ssao.vert; path = Shaders/ssao.vert; sourceTree = "<group>"; };
		385B17901A9042A500CD42B6 /* finalPass.vert */ = {isa = PBXFileReference; fileEncoding = 4; lastKnownFileType = sourcecode.glsl; name = finalPass.vert; path = Shaders/finalPass.vert; sourceTree = "<group>"; };
		385B17911A9042A500CD42B6 /* mainScene.frag */ = {isa = PBXFileReference; fileEncoding = 4; lastKnownFileType = sourcecode.glsl; name = mainScene.frag; path = Shaders/mainScene.frag; sourceTree = "<group>"; };
		385B17921A9042A500CD42B6 /* mainScene.vert */ = {isa = PBXFileReference; fileEncoding = 4; lastKnownFileType = sourcecode.glsl; name = mainScene.vert; path = Shaders/mainScene.vert; sourceTree = "<group>"; };
		385B17931A9042B400CD42B6 /* lightSphere.obj */ = {isa = PBXFileReference; fileEncoding = 4; lastKnownFileType = text; name = lightSphere.obj; path = Resources/lightSphere.obj; sourceTree = "<group>"; };
		385B17941A9042B400CD42B6 /* poissow.tga */ = {isa = PBXFileReference; lastKnownFileType = file; name = poissow.tga; path = Resources/poissow.tga; sourceTree = "<group>"; };
		385B17951A9042B400CD42B6 /* poissow.dds */ = {isa = PBXFileReference; lastKnownFileType = file; name = poissow.dds; path = Resources/poissow.dds; sourceTree = "<group>"; };
		385B17961A9042B400CD42B6 /* Habib_House_Med.dds */ = {isa = PBXFileReference; lastKnownFileType = file; name = Habib_House_Med.dds; path = Resources/Habib_House_Med.dds; sourceTree = "<group>"; };
		385B17971A9042B400CD42B6 /* table.3ds */ = {isa = PBXFileReference; lastKnownFileType = file; name = table.3ds; path = Resources/table.3ds; sourceTree = "<group>"; };
		385B17981A9042B400CD42B6 /* tablewood.jpg */ = {isa = PBXFileReference; lastKnownFileType = image.jpeg; name = tablewood.jpg; path = Resources/tablewood.jpg; sourceTree = "<group>"; };
		385B17991A9042B400CD42B6 /* concrete.jpg */ = {isa = PBXFileReference; lastKnownFileType = image.jpeg; name = concrete.jpg; path = Resources/concrete.jpg; sourceTree = "<group>"; };
		385B179A1A9042B400CD42B6 /* random.png */ = {isa = PBXFileReference; lastKnownFileType = image.png; name = random.png; path = Resources/random.png; sourceTree = "<group>"; };
		385B179B1A9042B400CD42B6 /* west.png */ = {isa = PBXFileReference; lastKnownFileType = image.png; name = west.png; path = Resources/west.png; sourceTree = "<group>"; };
		385B179C1A9042B400CD42B6 /* east.png */ = {isa = PBXFileReference; lastKnownFileType = image.png; name = east.png; path = Resources/east.png; sourceTree = "<group>"; };
		385B179D1A9042B400CD42B6 /* south.png */ = {isa = PBXFileReference; lastKnownFileType = image.png; name = south.png; path = Resources/south.png; sourceTree = "<group>"; };
		385B179E1A9042B400CD42B6 /* north.png */ = {isa = PBXFileReference; lastKnownFileType = image.png; name = north.png; path = Resources/north.png; sourceTree = "<group>"; };
		385B179F1A9042B400CD42B6 /* down.png */ = {isa = PBXFileReference; lastKnownFileType = image.png; name = down.png; path = Resources/down.png; sourceTree = "<group>"; };
		385B17A01A9042B400CD42B6 /* up.png */ = {isa = PBXFileReference; lastKnownFileType = image.png; name = up.png; path = Resources/up.png; sourceTree = "<group>"; };
		385B17A11A9042B400CD42B6 /* poissow.raw */ = {isa = PBXFileReference; lastKnownFileType = file; name = poissow.raw; path = Resources/poissow.raw; sourceTree = "<group>"; };
		385B17A21A9042B400CD42B6 /* castle.3DS */ = {isa = PBXFileReference; lastKnownFileType = file; name = castle.3DS; path = Resources/castle.3DS; sourceTree = "<group>"; };
		385B17A31A9043C300CD42B6 /* poisson.txt */ = {isa = PBXFileReference; fileEncoding = 4; lastKnownFileType = text; name = poisson.txt; path = Resources/poisson.txt; sourceTree = "<group>"; };
		385DAF681A8563DF00476CA3 /* VPLGroup.cpp */ = {isa = PBXFileReference; fileEncoding = 4; lastKnownFileType = sourcecode.cpp.cpp; path = VPLGroup.cpp; sourceTree = "<group>"; };
		385DAF691A8563DF00476CA3 /* VPLGroup.h */ = {isa = PBXFileReference; fileEncoding = 4; lastKnownFileType = sourcecode.c.h; path = VPLGroup.h; sourceTree = "<group>"; };
		386B4C1A1A748DA3009FAB89 /* ImportanceSamplingPass.cpp */ = {isa = PBXFileReference; fileEncoding = 4; lastKnownFileType = sourcecode.cpp.cpp; path = ImportanceSamplingPass.cpp; sourceTree = "<group>"; };
		386B4C1B1A748DA3009FAB89 /* ImportanceSamplingPass.h */ = {isa = PBXFileReference; fileEncoding = 4; lastKnownFileType = sourcecode.c.h; path = ImportanceSamplingPass.h; sourceTree = "<group>"; };
		3874AB681A3702CC00FDB712 /* KeyboardHandler.cpp */ = {isa = PBXFileReference; fileEncoding = 4; lastKnownFileType = sourcecode.cpp.cpp; path = KeyboardHandler.cpp; sourceTree = "<group>"; };
		3874AB691A3702CC00FDB712 /* KeyboardHandler.h */ = {isa = PBXFileReference; fileEncoding = 4; lastKnownFileType = sourcecode.c.h; path = KeyboardHandler.h; sourceTree = "<group>"; };
		3874AB6B1A37040600FDB712 /* SceneEventCallback.cpp */ = {isa = PBXFileReference; fileEncoding = 4; lastKnownFileType = sourcecode.cpp.cpp; path = SceneEventCallback.cpp; sourceTree = "<group>"; };
		3874AB6C1A37040600FDB712 /* SceneEventCallback.h */ = {isa = PBXFileReference; fileEncoding = 4; lastKnownFileType = sourcecode.c.h; path = SceneEventCallback.h; sourceTree = "<group>"; };
		38764D581A5DF3BE00B827E8 /* SpotLightGroup.cpp */ = {isa = PBXFileReference; fileEncoding = 4; lastKnownFileType = sourcecode.cpp.cpp; path = SpotLightGroup.cpp; sourceTree = "<group>"; };
		38764D591A5DF3BE00B827E8 /* SpotLightGroup.h */ = {isa = PBXFileReference; fileEncoding = 4; lastKnownFileType = sourcecode.c.h; path = SpotLightGroup.h; sourceTree = "<group>"; };
		38764D5F1A5DFA3500B827E8 /* ShadowGroup.cpp */ = {isa = PBXFileReference; fileEncoding = 4; lastKnownFileType = sourcecode.cpp.cpp; path = ShadowGroup.cpp; sourceTree = "<group>"; };
		38764D601A5DFA3500B827E8 /* ShadowGroup.h */ = {isa = PBXFileReference; fileEncoding = 4; lastKnownFileType = sourcecode.c.h; path = ShadowGroup.h; sourceTree = "<group>"; };
		3887A1901A337607005F698E /* ISmile.h */ = {isa = PBXFileReference; lastKnownFileType = sourcecode.c.h; path = ISmile.h; sourceTree = "<group>"; };
		38892CD91A89790E00E03DA4 /* StateSet.cpp */ = {isa = PBXFileReference; fileEncoding = 4; lastKnownFileType = sourcecode.cpp.cpp; name = StateSet.cpp; path = "../OpenSceneGraph-3.2.1/src/osg/StateSet.cpp"; sourceTree = "<group>"; };
		388D900D1A135855006AA441 /* PointLight.h */ = {isa = PBXFileReference; fileEncoding = 4; lastKnownFileType = sourcecode.c.h; path = PointLight.h; sourceTree = "<group>"; };
		388D900E1A135A31006AA441 /* GeometryPass.cpp */ = {isa = PBXFileReference; fileEncoding = 4; lastKnownFileType = sourcecode.cpp.cpp; path = GeometryPass.cpp; sourceTree = "<group>"; };
		388D900F1A135A31006AA441 /* GeometryPass.h */ = {isa = PBXFileReference; fileEncoding = 4; lastKnownFileType = sourcecode.c.h; path = GeometryPass.h; sourceTree = "<group>"; };
		388D90101A135A31006AA441 /* LightingPass.cpp */ = {isa = PBXFileReference; fileEncoding = 4; lastKnownFileType = sourcecode.cpp.cpp; path = LightingPass.cpp; sourceTree = "<group>"; };
		388D90111A135A31006AA441 /* LightingPass.h */ = {isa = PBXFileReference; fileEncoding = 4; lastKnownFileType = sourcecode.c.h; path = LightingPass.h; sourceTree = "<group>"; };
		388D90121A135A31006AA441 /* main.cpp */ = {isa = PBXFileReference; fileEncoding = 4; lastKnownFileType = sourcecode.cpp.cpp; path = main.cpp; sourceTree = "<group>"; };
		388D90131A135A31006AA441 /* LightGroup.cpp */ = {isa = PBXFileReference; fileEncoding = 4; lastKnownFileType = sourcecode.cpp.cpp; path = LightGroup.cpp; sourceTree = "<group>"; };
		388D90141A135A31006AA441 /* LightGroup.h */ = {isa = PBXFileReference; fileEncoding = 4; lastKnownFileType = sourcecode.c.h; path = LightGroup.h; sourceTree = "<group>"; };
		388D90151A135A31006AA441 /* ScreenPass.cpp */ = {isa = PBXFileReference; fileEncoding = 4; lastKnownFileType = sourcecode.cpp.cpp; path = ScreenPass.cpp; sourceTree = "<group>"; };
		388D90161A135A31006AA441 /* ScreenPass.h */ = {isa = PBXFileReference; fileEncoding = 4; lastKnownFileType = sourcecode.c.h; path = ScreenPass.h; sourceTree = "<group>"; };
		388D90171A135A31006AA441 /* Shared.cpp */ = {isa = PBXFileReference; fileEncoding = 4; lastKnownFileType = sourcecode.cpp.cpp; path = Shared.cpp; sourceTree = "<group>"; };
		388D90181A135A31006AA441 /* Shared.h */ = {isa = PBXFileReference; fileEncoding = 4; lastKnownFileType = sourcecode.c.h; path = Shared.h; sourceTree = "<group>"; };
		388D90191A135A31006AA441 /* SSAOPass.cpp */ = {isa = PBXFileReference; fileEncoding = 4; lastKnownFileType = sourcecode.cpp.cpp; path = SSAOPass.cpp; sourceTree = "<group>"; };
		388D901A1A135A31006AA441 /* SSAOPass.h */ = {isa = PBXFileReference; fileEncoding = 4; lastKnownFileType = sourcecode.c.h; path = SSAOPass.h; sourceTree = "<group>"; };
		38A423CA1A15D44C0079AD58 /* Utils.cpp */ = {isa = PBXFileReference; fileEncoding = 4; lastKnownFileType = sourcecode.cpp.cpp; path = Utils.cpp; sourceTree = "<group>"; };
		38AB05411A15D2B3005FAEC3 /* LightCallback.cpp */ = {isa = PBXFileReference; fileEncoding = 4; lastKnownFileType = sourcecode.cpp.cpp; path = LightCallback.cpp; sourceTree = "<group>"; };
		38AB05421A15D2B3005FAEC3 /* LightCallback.h */ = {isa = PBXFileReference; fileEncoding = 4; lastKnownFileType = sourcecode.c.h; path = LightCallback.h; sourceTree = "<group>"; };
		38B3CA5D1A6AF26B000335F0 /* Core.cpp */ = {isa = PBXFileReference; fileEncoding = 4; lastKnownFileType = sourcecode.cpp.cpp; path = Core.cpp; sourceTree = "<group>"; };
		38B3CA5E1A6AF26B000335F0 /* Core.h */ = {isa = PBXFileReference; fileEncoding = 4; lastKnownFileType = sourcecode.c.h; path = Core.h; sourceTree = "<group>"; };
		38B3CA601A6B2351000335F0 /* LightHandler.cpp */ = {isa = PBXFileReference; fileEncoding = 4; lastKnownFileType = sourcecode.cpp.cpp; path = LightHandler.cpp; sourceTree = "<group>"; };
		38B3CA611A6B2351000335F0 /* LightHandler.h */ = {isa = PBXFileReference; fileEncoding = 4; lastKnownFileType = sourcecode.c.h; path = LightHandler.h; sourceTree = "<group>"; };
		38B3CA7C1A6CE391000335F0 /* ShadowCallback.cpp */ = {isa = PBXFileReference; fileEncoding = 4; lastKnownFileType = sourcecode.cpp.cpp; path = ShadowCallback.cpp; sourceTree = "<group>"; };
		38B3CA7D1A6CE391000335F0 /* ShadowCallback.h */ = {isa = PBXFileReference; fileEncoding = 4; lastKnownFileType = sourcecode.c.h; path = ShadowCallback.h; sourceTree = "<group>"; };
		38C0B8E21A27E8EF0060E169 /* DirectionalLightGroup.cpp */ = {isa = PBXFileReference; fileEncoding = 4; lastKnownFileType = sourcecode.cpp.cpp; path = DirectionalLightGroup.cpp; sourceTree = "<group>"; };
		38C0B8E31A27E8EF0060E169 /* DirectionalLightGroup.h */ = {isa = PBXFileReference; fileEncoding = 4; lastKnownFileType = sourcecode.c.h; path = DirectionalLightGroup.h; sourceTree = "<group>"; };
		38C0B8E51A27ECDD0060E169 /* DirectionalLightingPass.cpp */ = {isa = PBXFileReference; fileEncoding = 4; lastKnownFileType = sourcecode.cpp.cpp; path = DirectionalLightingPass.cpp; sourceTree = "<group>"; };
		38C0B8E61A27ECDD0060E169 /* DirectionalLightingPass.h */ = {isa = PBXFileReference; fileEncoding = 4; lastKnownFileType = sourcecode.c.h; path = DirectionalLightingPass.h; sourceTree = "<group>"; };
		38C4BBF019FE2CBE005430B2 /* vrphysics */ = {isa = PBXFileReference; explicitFileType = "compiled.mach-o.executable"; includeInIndex = 0; path = vrphysics; sourceTree = BUILT_PRODUCTS_DIR; };
		38C4BBFA19FE2D49005430B2 /* libOpenThreads.3.2.1.dylib */ = {isa = PBXFileReference; lastKnownFileType = "compiled.mach-o.dylib"; name = libOpenThreads.3.2.1.dylib; path = "../OpenSceneGraph-3.2.1/releaselib/libOpenThreads.3.2.1.dylib"; sourceTree = "<group>"; };
		38C4BBFB19FE2D49005430B2 /* libOpenThreads.20.dylib */ = {isa = PBXFileReference; lastKnownFileType = "compiled.mach-o.dylib"; name = libOpenThreads.20.dylib; path = "../OpenSceneGraph-3.2.1/releaselib/libOpenThreads.20.dylib"; sourceTree = "<group>"; };
		38C4BBFC19FE2D49005430B2 /* libOpenThreads.dylib */ = {isa = PBXFileReference; lastKnownFileType = "compiled.mach-o.dylib"; name = libOpenThreads.dylib; path = "../OpenSceneGraph-3.2.1/releaselib/libOpenThreads.dylib"; sourceTree = "<group>"; };
		38C4BBFD19FE2D49005430B2 /* libosg.3.2.1.dylib */ = {isa = PBXFileReference; lastKnownFileType = "compiled.mach-o.dylib"; name = libosg.3.2.1.dylib; path = "../OpenSceneGraph-3.2.1/releaselib/libosg.3.2.1.dylib"; sourceTree = "<group>"; };
		38C4BBFE19FE2D49005430B2 /* libosg.100.dylib */ = {isa = PBXFileReference; lastKnownFileType = "compiled.mach-o.dylib"; name = libosg.100.dylib; path = "../OpenSceneGraph-3.2.1/releaselib/libosg.100.dylib"; sourceTree = "<group>"; };
		38C4BBFF19FE2D49005430B2 /* libosg.dylib */ = {isa = PBXFileReference; lastKnownFileType = "compiled.mach-o.dylib"; name = libosg.dylib; path = "../OpenSceneGraph-3.2.1/releaselib/libosg.dylib"; sourceTree = "<group>"; };
		38C4BC0019FE2D49005430B2 /* libosgAnimation.3.2.1.dylib */ = {isa = PBXFileReference; lastKnownFileType = "compiled.mach-o.dylib"; name = libosgAnimation.3.2.1.dylib; path = "../OpenSceneGraph-3.2.1/releaselib/libosgAnimation.3.2.1.dylib"; sourceTree = "<group>"; };
		38C4BC0119FE2D49005430B2 /* libosgAnimation.100.dylib */ = {isa = PBXFileReference; lastKnownFileType = "compiled.mach-o.dylib"; name = libosgAnimation.100.dylib; path = "../OpenSceneGraph-3.2.1/releaselib/libosgAnimation.100.dylib"; sourceTree = "<group>"; };
		38C4BC0219FE2D49005430B2 /* libosgAnimation.dylib */ = {isa = PBXFileReference; lastKnownFileType = "compiled.mach-o.dylib"; name = libosgAnimation.dylib; path = "../OpenSceneGraph-3.2.1/releaselib/libosgAnimation.dylib"; sourceTree = "<group>"; };
		38C4BC0319FE2D49005430B2 /* libosgDB.3.2.1.dylib */ = {isa = PBXFileReference; lastKnownFileType = "compiled.mach-o.dylib"; name = libosgDB.3.2.1.dylib; path = "../OpenSceneGraph-3.2.1/releaselib/libosgDB.3.2.1.dylib"; sourceTree = "<group>"; };
		38C4BC0419FE2D49005430B2 /* libosgDB.100.dylib */ = {isa = PBXFileReference; lastKnownFileType = "compiled.mach-o.dylib"; name = libosgDB.100.dylib; path = "../OpenSceneGraph-3.2.1/releaselib/libosgDB.100.dylib"; sourceTree = "<group>"; };
		38C4BC0519FE2D49005430B2 /* libosgDB.dylib */ = {isa = PBXFileReference; lastKnownFileType = "compiled.mach-o.dylib"; name = libosgDB.dylib; path = "../OpenSceneGraph-3.2.1/releaselib/libosgDB.dylib"; sourceTree = "<group>"; };
		38C4BC0619FE2D49005430B2 /* libosgFX.3.2.1.dylib */ = {isa = PBXFileReference; lastKnownFileType = "compiled.mach-o.dylib"; name = libosgFX.3.2.1.dylib; path = "../OpenSceneGraph-3.2.1/releaselib/libosgFX.3.2.1.dylib"; sourceTree = "<group>"; };
		38C4BC0719FE2D49005430B2 /* libosgFX.100.dylib */ = {isa = PBXFileReference; lastKnownFileType = "compiled.mach-o.dylib"; name = libosgFX.100.dylib; path = "../OpenSceneGraph-3.2.1/releaselib/libosgFX.100.dylib"; sourceTree = "<group>"; };
		38C4BC0819FE2D49005430B2 /* libosgFX.dylib */ = {isa = PBXFileReference; lastKnownFileType = "compiled.mach-o.dylib"; name = libosgFX.dylib; path = "../OpenSceneGraph-3.2.1/releaselib/libosgFX.dylib"; sourceTree = "<group>"; };
		38C4BC0919FE2D49005430B2 /* libosgGA.3.2.1.dylib */ = {isa = PBXFileReference; lastKnownFileType = "compiled.mach-o.dylib"; name = libosgGA.3.2.1.dylib; path = "../OpenSceneGraph-3.2.1/releaselib/libosgGA.3.2.1.dylib"; sourceTree = "<group>"; };
		38C4BC0A19FE2D49005430B2 /* libosgGA.100.dylib */ = {isa = PBXFileReference; lastKnownFileType = "compiled.mach-o.dylib"; name = libosgGA.100.dylib; path = "../OpenSceneGraph-3.2.1/releaselib/libosgGA.100.dylib"; sourceTree = "<group>"; };
		38C4BC0B19FE2D49005430B2 /* libosgGA.dylib */ = {isa = PBXFileReference; lastKnownFileType = "compiled.mach-o.dylib"; name = libosgGA.dylib; path = "../OpenSceneGraph-3.2.1/releaselib/libosgGA.dylib"; sourceTree = "<group>"; };
		38C4BC0C19FE2D49005430B2 /* libosgManipulator.3.2.1.dylib */ = {isa = PBXFileReference; lastKnownFileType = "compiled.mach-o.dylib"; name = libosgManipulator.3.2.1.dylib; path = "../OpenSceneGraph-3.2.1/releaselib/libosgManipulator.3.2.1.dylib"; sourceTree = "<group>"; };
		38C4BC0D19FE2D49005430B2 /* libosgManipulator.100.dylib */ = {isa = PBXFileReference; lastKnownFileType = "compiled.mach-o.dylib"; name = libosgManipulator.100.dylib; path = "../OpenSceneGraph-3.2.1/releaselib/libosgManipulator.100.dylib"; sourceTree = "<group>"; };
		38C4BC0E19FE2D49005430B2 /* libosgManipulator.dylib */ = {isa = PBXFileReference; lastKnownFileType = "compiled.mach-o.dylib"; name = libosgManipulator.dylib; path = "../OpenSceneGraph-3.2.1/releaselib/libosgManipulator.dylib"; sourceTree = "<group>"; };
		38C4BC0F19FE2D49005430B2 /* libosgParticle.3.2.1.dylib */ = {isa = PBXFileReference; lastKnownFileType = "compiled.mach-o.dylib"; name = libosgParticle.3.2.1.dylib; path = "../OpenSceneGraph-3.2.1/releaselib/libosgParticle.3.2.1.dylib"; sourceTree = "<group>"; };
		38C4BC1019FE2D49005430B2 /* libosgParticle.100.dylib */ = {isa = PBXFileReference; lastKnownFileType = "compiled.mach-o.dylib"; name = libosgParticle.100.dylib; path = "../OpenSceneGraph-3.2.1/releaselib/libosgParticle.100.dylib"; sourceTree = "<group>"; };
		38C4BC1119FE2D49005430B2 /* libosgParticle.dylib */ = {isa = PBXFileReference; lastKnownFileType = "compiled.mach-o.dylib"; name = libosgParticle.dylib; path = "../OpenSceneGraph-3.2.1/releaselib/libosgParticle.dylib"; sourceTree = "<group>"; };
		38C4BC1219FE2D49005430B2 /* libosgPresentation.3.2.1.dylib */ = {isa = PBXFileReference; lastKnownFileType = "compiled.mach-o.dylib"; name = libosgPresentation.3.2.1.dylib; path = "../OpenSceneGraph-3.2.1/releaselib/libosgPresentation.3.2.1.dylib"; sourceTree = "<group>"; };
		38C4BC1319FE2D49005430B2 /* libosgPresentation.100.dylib */ = {isa = PBXFileReference; lastKnownFileType = "compiled.mach-o.dylib"; name = libosgPresentation.100.dylib; path = "../OpenSceneGraph-3.2.1/releaselib/libosgPresentation.100.dylib"; sourceTree = "<group>"; };
		38C4BC1419FE2D49005430B2 /* libosgPresentation.dylib */ = {isa = PBXFileReference; lastKnownFileType = "compiled.mach-o.dylib"; name = libosgPresentation.dylib; path = "../OpenSceneGraph-3.2.1/releaselib/libosgPresentation.dylib"; sourceTree = "<group>"; };
		38C4BC1519FE2D49005430B2 /* libosgShadow.3.2.1.dylib */ = {isa = PBXFileReference; lastKnownFileType = "compiled.mach-o.dylib"; name = libosgShadow.3.2.1.dylib; path = "../OpenSceneGraph-3.2.1/releaselib/libosgShadow.3.2.1.dylib"; sourceTree = "<group>"; };
		38C4BC1619FE2D49005430B2 /* libosgShadow.100.dylib */ = {isa = PBXFileReference; lastKnownFileType = "compiled.mach-o.dylib"; name = libosgShadow.100.dylib; path = "../OpenSceneGraph-3.2.1/releaselib/libosgShadow.100.dylib"; sourceTree = "<group>"; };
		38C4BC1719FE2D49005430B2 /* libosgShadow.dylib */ = {isa = PBXFileReference; lastKnownFileType = "compiled.mach-o.dylib"; name = libosgShadow.dylib; path = "../OpenSceneGraph-3.2.1/releaselib/libosgShadow.dylib"; sourceTree = "<group>"; };
		38C4BC1819FE2D49005430B2 /* libosgSim.3.2.1.dylib */ = {isa = PBXFileReference; lastKnownFileType = "compiled.mach-o.dylib"; name = libosgSim.3.2.1.dylib; path = "../OpenSceneGraph-3.2.1/releaselib/libosgSim.3.2.1.dylib"; sourceTree = "<group>"; };
		38C4BC1919FE2D49005430B2 /* libosgSim.100.dylib */ = {isa = PBXFileReference; lastKnownFileType = "compiled.mach-o.dylib"; name = libosgSim.100.dylib; path = "../OpenSceneGraph-3.2.1/releaselib/libosgSim.100.dylib"; sourceTree = "<group>"; };
		38C4BC1A19FE2D49005430B2 /* libosgSim.dylib */ = {isa = PBXFileReference; lastKnownFileType = "compiled.mach-o.dylib"; name = libosgSim.dylib; path = "../OpenSceneGraph-3.2.1/releaselib/libosgSim.dylib"; sourceTree = "<group>"; };
		38C4BC1B19FE2D49005430B2 /* libosgTerrain.3.2.1.dylib */ = {isa = PBXFileReference; lastKnownFileType = "compiled.mach-o.dylib"; name = libosgTerrain.3.2.1.dylib; path = "../OpenSceneGraph-3.2.1/releaselib/libosgTerrain.3.2.1.dylib"; sourceTree = "<group>"; };
		38C4BC1C19FE2D49005430B2 /* libosgTerrain.100.dylib */ = {isa = PBXFileReference; lastKnownFileType = "compiled.mach-o.dylib"; name = libosgTerrain.100.dylib; path = "../OpenSceneGraph-3.2.1/releaselib/libosgTerrain.100.dylib"; sourceTree = "<group>"; };
		38C4BC1D19FE2D49005430B2 /* libosgTerrain.dylib */ = {isa = PBXFileReference; lastKnownFileType = "compiled.mach-o.dylib"; name = libosgTerrain.dylib; path = "../OpenSceneGraph-3.2.1/releaselib/libosgTerrain.dylib"; sourceTree = "<group>"; };
		38C4BC1E19FE2D49005430B2 /* libosgText.3.2.1.dylib */ = {isa = PBXFileReference; lastKnownFileType = "compiled.mach-o.dylib"; name = libosgText.3.2.1.dylib; path = "../OpenSceneGraph-3.2.1/releaselib/libosgText.3.2.1.dylib"; sourceTree = "<group>"; };
		38C4BC1F19FE2D49005430B2 /* libosgText.100.dylib */ = {isa = PBXFileReference; lastKnownFileType = "compiled.mach-o.dylib"; name = libosgText.100.dylib; path = "../OpenSceneGraph-3.2.1/releaselib/libosgText.100.dylib"; sourceTree = "<group>"; };
		38C4BC2019FE2D49005430B2 /* libosgText.dylib */ = {isa = PBXFileReference; lastKnownFileType = "compiled.mach-o.dylib"; name = libosgText.dylib; path = "../OpenSceneGraph-3.2.1/releaselib/libosgText.dylib"; sourceTree = "<group>"; };
		38C4BC2119FE2D49005430B2 /* libosgUtil.3.2.1.dylib */ = {isa = PBXFileReference; lastKnownFileType = "compiled.mach-o.dylib"; name = libosgUtil.3.2.1.dylib; path = "../OpenSceneGraph-3.2.1/releaselib/libosgUtil.3.2.1.dylib"; sourceTree = "<group>"; };
		38C4BC2219FE2D49005430B2 /* libosgUtil.100.dylib */ = {isa = PBXFileReference; lastKnownFileType = "compiled.mach-o.dylib"; name = libosgUtil.100.dylib; path = "../OpenSceneGraph-3.2.1/releaselib/libosgUtil.100.dylib"; sourceTree = "<group>"; };
		38C4BC2319FE2D49005430B2 /* libosgUtil.dylib */ = {isa = PBXFileReference; lastKnownFileType = "compiled.mach-o.dylib"; name = libosgUtil.dylib; path = "../OpenSceneGraph-3.2.1/releaselib/libosgUtil.dylib"; sourceTree = "<group>"; };
		38C4BC2419FE2D49005430B2 /* libosgViewer.3.2.1.dylib */ = {isa = PBXFileReference; lastKnownFileType = "compiled.mach-o.dylib"; name = libosgViewer.3.2.1.dylib; path = "../OpenSceneGraph-3.2.1/releaselib/libosgViewer.3.2.1.dylib"; sourceTree = "<group>"; };
		38C4BC2519FE2D49005430B2 /* libosgViewer.100.dylib */ = {isa = PBXFileReference; lastKnownFileType = "compiled.mach-o.dylib"; name = libosgViewer.100.dylib; path = "../OpenSceneGraph-3.2.1/releaselib/libosgViewer.100.dylib"; sourceTree = "<group>"; };
		38C4BC2619FE2D49005430B2 /* libosgViewer.dylib */ = {isa = PBXFileReference; lastKnownFileType = "compiled.mach-o.dylib"; name = libosgViewer.dylib; path = "../OpenSceneGraph-3.2.1/releaselib/libosgViewer.dylib"; sourceTree = "<group>"; };
		38C4BC2719FE2D49005430B2 /* libosgVolume.3.2.1.dylib */ = {isa = PBXFileReference; lastKnownFileType = "compiled.mach-o.dylib"; name = libosgVolume.3.2.1.dylib; path = "../OpenSceneGraph-3.2.1/releaselib/libosgVolume.3.2.1.dylib"; sourceTree = "<group>"; };
		38C4BC2819FE2D49005430B2 /* libosgVolume.100.dylib */ = {isa = PBXFileReference; lastKnownFileType = "compiled.mach-o.dylib"; name = libosgVolume.100.dylib; path = "../OpenSceneGraph-3.2.1/releaselib/libosgVolume.100.dylib"; sourceTree = "<group>"; };
		38C4BC2919FE2D49005430B2 /* libosgVolume.dylib */ = {isa = PBXFileReference; lastKnownFileType = "compiled.mach-o.dylib"; name = libosgVolume.dylib; path = "../OpenSceneGraph-3.2.1/releaselib/libosgVolume.dylib"; sourceTree = "<group>"; };
		38C4BC2A19FE2D49005430B2 /* libosgWidget.3.2.1.dylib */ = {isa = PBXFileReference; lastKnownFileType = "compiled.mach-o.dylib"; name = libosgWidget.3.2.1.dylib; path = "../OpenSceneGraph-3.2.1/releaselib/libosgWidget.3.2.1.dylib"; sourceTree = "<group>"; };
		38C4BC2B19FE2D49005430B2 /* libosgWidget.100.dylib */ = {isa = PBXFileReference; lastKnownFileType = "compiled.mach-o.dylib"; name = libosgWidget.100.dylib; path = "../OpenSceneGraph-3.2.1/releaselib/libosgWidget.100.dylib"; sourceTree = "<group>"; };
		38C4BC2C19FE2D49005430B2 /* libosgWidget.dylib */ = {isa = PBXFileReference; lastKnownFileType = "compiled.mach-o.dylib"; name = libosgWidget.dylib; path = "../OpenSceneGraph-3.2.1/releaselib/libosgWidget.dylib"; sourceTree = "<group>"; };
		38C4BC6019FE3F6D005430B2 /* osgdb_deprecated_osg.so */ = {isa = PBXFileReference; lastKnownFileType = "compiled.mach-o.bundle"; name = osgdb_deprecated_osg.so; path = "../OpenSceneGraph-3.2.1/releaselib/osgPlugins-3.2.1/osgdb_deprecated_osg.so"; sourceTree = "<group>"; };
		38C4BC6119FE3F6D005430B2 /* osgdb_osg.so */ = {isa = PBXFileReference; lastKnownFileType = "compiled.mach-o.bundle"; name = osgdb_osg.so; path = "../OpenSceneGraph-3.2.1/releaselib/osgPlugins-3.2.1/osgdb_osg.so"; sourceTree = "<group>"; };
		38DB2D271A8DE30E0048A061 /* OpenGL.framework */ = {isa = PBXFileReference; lastKnownFileType = wrapper.framework; name = OpenGL.framework; path = System/Library/Frameworks/OpenGL.framework; sourceTree = SDKROOT; };
		38DFB4661A15791C00F5AA6D /* FinalPass.cpp */ = {isa = PBXFileReference; fileEncoding = 4; lastKnownFileType = sourcecode.cpp.cpp; path = FinalPass.cpp; sourceTree = "<group>"; };
		38DFB4671A15791C00F5AA6D /* FinalPass.h */ = {isa = PBXFileReference; fileEncoding = 4; lastKnownFileType = sourcecode.c.h; path = FinalPass.h; sourceTree = "<group>"; };
		38E0EEBD1A3AB52E004DD045 /* HDRPass.cpp */ = {isa = PBXFileReference; fileEncoding = 4; lastKnownFileType = sourcecode.cpp.cpp; path = HDRPass.cpp; sourceTree = "<group>"; };
		38E0EEBE1A3AB52E004DD045 /* HDRPass.h */ = {isa = PBXFileReference; fileEncoding = 4; lastKnownFileType = sourcecode.c.h; path = HDRPass.h; sourceTree = "<group>"; };
		38E0EEC61A3B50E0004DD045 /* SkyDome.cpp */ = {isa = PBXFileReference; fileEncoding = 4; lastKnownFileType = sourcecode.cpp.cpp; path = SkyDome.cpp; sourceTree = "<group>"; };
		38E0EEC81A3B515B004DD045 /* SkyDome.h */ = {isa = PBXFileReference; fileEncoding = 4; lastKnownFileType = sourcecode.c.h; path = SkyDome.h; sourceTree = "<group>"; };
		38E0EEC91A3B517F004DD045 /* SphereSegment.h */ = {isa = PBXFileReference; fileEncoding = 4; lastKnownFileType = sourcecode.c.h; path = SphereSegment.h; sourceTree = "<group>"; };
		38E0EECA1A3B518C004DD045 /* SphereSegment.cpp */ = {isa = PBXFileReference; fileEncoding = 4; lastKnownFileType = sourcecode.cpp.cpp; path = SphereSegment.cpp; sourceTree = "<group>"; };
		38EDCBDF1A2DED62008B5C88 /* libosgOcean.dylib */ = {isa = PBXFileReference; lastKnownFileType = "compiled.mach-o.dylib"; name = libosgOcean.dylib; path = ../osgocean/lib/libosgOcean.dylib; sourceTree = "<group>"; };
		38F701411A1455FE00DC8AD8 /* Utils.h */ = {isa = PBXFileReference; lastKnownFileType = sourcecode.c.h; path = Utils.h; sourceTree = "<group>"; };
		38FBC4FA1A2C5BD40024CD24 /* AssetDB.cpp */ = {isa = PBXFileReference; fileEncoding = 4; lastKnownFileType = sourcecode.cpp.cpp; path = AssetDB.cpp; sourceTree = "<group>"; };
		38FBC4FB1A2C5BD40024CD24 /* AssetDB.h */ = {isa = PBXFileReference; fileEncoding = 4; lastKnownFileType = sourcecode.c.h; path = AssetDB.h; sourceTree = "<group>"; };
		38FBC4FD1A2C6F830024CD24 /* Material.cpp */ = {isa = PBXFileReference; fileEncoding = 4; lastKnownFileType = sourcecode.cpp.cpp; path = Material.cpp; sourceTree = "<group>"; };
		38FBC4FE1A2C6F830024CD24 /* Material.h */ = {isa = PBXFileReference; fileEncoding = 4; lastKnownFileType = sourcecode.c.h; path = Material.h; sourceTree = "<group>"; };
/* End PBXFileReference section */

/* Begin PBXFrameworksBuildPhase section */
		38C4BBED19FE2CBE005430B2 /* Frameworks */ = {
			isa = PBXFrameworksBuildPhase;
			buildActionMask = 2147483647;
			files = (
				38DB2D281A8DE30E0048A061 /* OpenGL.framework in Frameworks */,
				38EDCBE01A2DED62008B5C88 /* libosgOcean.dylib in Frameworks */,
				38C4BC6219FE3F6D005430B2 /* osgdb_deprecated_osg.so in Frameworks */,
				38C4BC6319FE3F6D005430B2 /* osgdb_osg.so in Frameworks */,
				38C4BC2D19FE2D49005430B2 /* libOpenThreads.3.2.1.dylib in Frameworks */,
				38C4BC2E19FE2D49005430B2 /* libOpenThreads.20.dylib in Frameworks */,
				38C4BC2F19FE2D49005430B2 /* libOpenThreads.dylib in Frameworks */,
				38C4BC3019FE2D49005430B2 /* libosg.3.2.1.dylib in Frameworks */,
				38C4BC3119FE2D49005430B2 /* libosg.100.dylib in Frameworks */,
				38C4BC3219FE2D49005430B2 /* libosg.dylib in Frameworks */,
				38C4BC3319FE2D49005430B2 /* libosgAnimation.3.2.1.dylib in Frameworks */,
				38C4BC3419FE2D49005430B2 /* libosgAnimation.100.dylib in Frameworks */,
				38C4BC3519FE2D49005430B2 /* libosgAnimation.dylib in Frameworks */,
				38C4BC3619FE2D49005430B2 /* libosgDB.3.2.1.dylib in Frameworks */,
				38C4BC3719FE2D49005430B2 /* libosgDB.100.dylib in Frameworks */,
				38C4BC3819FE2D49005430B2 /* libosgDB.dylib in Frameworks */,
				38C4BC3919FE2D49005430B2 /* libosgFX.3.2.1.dylib in Frameworks */,
				38C4BC3A19FE2D49005430B2 /* libosgFX.100.dylib in Frameworks */,
				38C4BC3B19FE2D49005430B2 /* libosgFX.dylib in Frameworks */,
				38C4BC3C19FE2D49005430B2 /* libosgGA.3.2.1.dylib in Frameworks */,
				38C4BC3D19FE2D49005430B2 /* libosgGA.100.dylib in Frameworks */,
				38C4BC3E19FE2D49005430B2 /* libosgGA.dylib in Frameworks */,
				38C4BC3F19FE2D49005430B2 /* libosgManipulator.3.2.1.dylib in Frameworks */,
				38C4BC4019FE2D49005430B2 /* libosgManipulator.100.dylib in Frameworks */,
				38C4BC4119FE2D49005430B2 /* libosgManipulator.dylib in Frameworks */,
				38C4BC4219FE2D49005430B2 /* libosgParticle.3.2.1.dylib in Frameworks */,
				38C4BC4319FE2D49005430B2 /* libosgParticle.100.dylib in Frameworks */,
				38C4BC4419FE2D49005430B2 /* libosgParticle.dylib in Frameworks */,
				38C4BC4519FE2D49005430B2 /* libosgPresentation.3.2.1.dylib in Frameworks */,
				38C4BC4619FE2D49005430B2 /* libosgPresentation.100.dylib in Frameworks */,
				38C4BC4719FE2D49005430B2 /* libosgPresentation.dylib in Frameworks */,
				38C4BC4819FE2D49005430B2 /* libosgShadow.3.2.1.dylib in Frameworks */,
				38C4BC4919FE2D49005430B2 /* libosgShadow.100.dylib in Frameworks */,
				38C4BC4A19FE2D49005430B2 /* libosgShadow.dylib in Frameworks */,
				38C4BC4B19FE2D49005430B2 /* libosgSim.3.2.1.dylib in Frameworks */,
				38C4BC4C19FE2D49005430B2 /* libosgSim.100.dylib in Frameworks */,
				38C4BC4D19FE2D49005430B2 /* libosgSim.dylib in Frameworks */,
				38C4BC4E19FE2D49005430B2 /* libosgTerrain.3.2.1.dylib in Frameworks */,
				38C4BC4F19FE2D49005430B2 /* libosgTerrain.100.dylib in Frameworks */,
				38C4BC5019FE2D49005430B2 /* libosgTerrain.dylib in Frameworks */,
				38C4BC5119FE2D49005430B2 /* libosgText.3.2.1.dylib in Frameworks */,
				38C4BC5219FE2D49005430B2 /* libosgText.100.dylib in Frameworks */,
				38C4BC5319FE2D49005430B2 /* libosgText.dylib in Frameworks */,
				38C4BC5419FE2D49005430B2 /* libosgUtil.3.2.1.dylib in Frameworks */,
				38C4BC5519FE2D49005430B2 /* libosgUtil.100.dylib in Frameworks */,
				38C4BC5619FE2D49005430B2 /* libosgUtil.dylib in Frameworks */,
				38C4BC5719FE2D49005430B2 /* libosgViewer.3.2.1.dylib in Frameworks */,
				38C4BC5819FE2D49005430B2 /* libosgViewer.100.dylib in Frameworks */,
				38C4BC5919FE2D49005430B2 /* libosgViewer.dylib in Frameworks */,
				38C4BC5A19FE2D49005430B2 /* libosgVolume.3.2.1.dylib in Frameworks */,
				38C4BC5B19FE2D49005430B2 /* libosgVolume.100.dylib in Frameworks */,
				38C4BC5C19FE2D49005430B2 /* libosgVolume.dylib in Frameworks */,
				38C4BC5D19FE2D49005430B2 /* libosgWidget.3.2.1.dylib in Frameworks */,
				38C4BC5E19FE2D49005430B2 /* libosgWidget.100.dylib in Frameworks */,
				38C4BC5F19FE2D49005430B2 /* libosgWidget.dylib in Frameworks */,
			);
			runOnlyForDeploymentPostprocessing = 0;
		};
/* End PBXFrameworksBuildPhase section */

/* Begin PBXGroup section */
		382A98951A5C8C17004AA60F /* SpotLight */ = {
			isa = PBXGroup;
			children = (
				382A98961A5C8C35004AA60F /* SpotLight.cpp */,
				382A98971A5C8C35004AA60F /* SpotLight.h */,
				38764D581A5DF3BE00B827E8 /* SpotLightGroup.cpp */,
				38764D591A5DF3BE00B827E8 /* SpotLightGroup.h */,
			);
			name = SpotLight;
			sourceTree = "<group>";
		};
		384294461A880F4E005A85B5 /* debug */ = {
			isa = PBXGroup;
			children = (
				38892CD91A89790E00E03DA4 /* StateSet.cpp */,
				384294471A880F84005A85B5 /* Light.cpp */,
			);
			name = debug;
			sourceTree = "<group>";
		};
		385DAF671A8563AC00476CA3 /* GI */ = {
			isa = PBXGroup;
			children = (
				385DAF681A8563DF00476CA3 /* VPLGroup.cpp */,
				385DAF691A8563DF00476CA3 /* VPLGroup.h */,
				384294431A857295005A85B5 /* IndirectLightingPass.cpp */,
				384294441A857295005A85B5 /* IndirectLightingPass.h */,
			);
			name = GI;
			sourceTree = "<group>";
		};
		38764D5B1A5DF72B00B827E8 /* Shadow */ = {
			isa = PBXGroup;
			children = (
				38764D5F1A5DFA3500B827E8 /* ShadowGroup.cpp */,
				38764D601A5DFA3500B827E8 /* ShadowGroup.h */,
				38B3CA7C1A6CE391000335F0 /* ShadowCallback.cpp */,
				38B3CA7D1A6CE391000335F0 /* ShadowCallback.h */,
				386B4C1A1A748DA3009FAB89 /* ImportanceSamplingPass.cpp */,
				386B4C1B1A748DA3009FAB89 /* ImportanceSamplingPass.h */,
			);
			name = Shadow;
			sourceTree = "<group>";
		};
		3887A1911A3387D8005F698E /* APIs */ = {
			isa = PBXGroup;
			children = (
				3887A1901A337607005F698E /* ISmile.h */,
			);
			name = APIs;
			sourceTree = "<group>";
		};
		38C0B8E81A27ED120060E169 /* PointLight */ = {
			isa = PBXGroup;
			children = (
				388D90101A135A31006AA441 /* LightingPass.cpp */,
				388D90111A135A31006AA441 /* LightingPass.h */,
				388D90131A135A31006AA441 /* LightGroup.cpp */,
				388D90141A135A31006AA441 /* LightGroup.h */,
				38AB05411A15D2B3005FAEC3 /* LightCallback.cpp */,
				38AB05421A15D2B3005FAEC3 /* LightCallback.h */,
				388D900D1A135855006AA441 /* PointLight.h */,
				384385A91A169DF800A5EA27 /* PointLight.cpp */,
				3832F9551A16C96C00E8E127 /* LightGroupAnimationCallback.cpp */,
				3832F9561A16C96C00E8E127 /* LightGroupAnimationCallback.h */,
			);
			name = PointLight;
			sourceTree = "<group>";
		};
		38C0B8E91A27ED200060E169 /* DirectionalLight */ = {
			isa = PBXGroup;
			children = (
				38C0B8E51A27ECDD0060E169 /* DirectionalLightingPass.cpp */,
				38C0B8E61A27ECDD0060E169 /* DirectionalLightingPass.h */,
				380C4ECF1A27E71A00301094 /* DirectionalLight.h */,
				380C4ECE1A27E71A00301094 /* DirectionalLight.cpp */,
				38C0B8E21A27E8EF0060E169 /* DirectionalLightGroup.cpp */,
				38C0B8E31A27E8EF0060E169 /* DirectionalLightGroup.h */,
				383BB5E21A2817F0004DCC82 /* DirectionalLightCallback.cpp */,
				383BB5E31A2817F0004DCC82 /* DirectionalLightCallback.h */,
			);
			name = DirectionalLight;
			sourceTree = "<group>";
		};
		38C4BBE719FE2CBE005430B2 = {
			isa = PBXGroup;
			children = (
				38DB2D271A8DE30E0048A061 /* OpenGL.framework */,
				384294461A880F4E005A85B5 /* debug */,
				38D648B31A0C8B4C0088AF3C /* shaders */,
				38D648B01A0C7C4D0088AF3C /* data */,
				38CC31ED19FF0E810076EE97 /* libs */,
				38C4BBF219FE2CBE005430B2 /* vrphysics */,
				38C4BBF119FE2CBE005430B2 /* Products */,
			);
			sourceTree = "<group>";
		};
		38C4BBF119FE2CBE005430B2 /* Products */ = {
			isa = PBXGroup;
			children = (
				38C4BBF019FE2CBE005430B2 /* vrphysics */,
			);
			name = Products;
			sourceTree = "<group>";
		};
		38C4BBF219FE2CBE005430B2 /* vrphysics */ = {
			isa = PBXGroup;
			children = (
				385DAF671A8563AC00476CA3 /* GI */,
				38764D5B1A5DF72B00B827E8 /* Shadow */,
				38E0EECA1A3B518C004DD045 /* SphereSegment.cpp */,
				38E0EEC91A3B517F004DD045 /* SphereSegment.h */,
				382A98951A5C8C17004AA60F /* SpotLight */,
				38E0EEC81A3B515B004DD045 /* SkyDome.h */,
				38E0EEC61A3B50E0004DD045 /* SkyDome.cpp */,
				3887A1911A3387D8005F698E /* APIs */,
				38C0B8E91A27ED200060E169 /* DirectionalLight */,
				38C0B8E81A27ED120060E169 /* PointLight */,
				388D900E1A135A31006AA441 /* GeometryPass.cpp */,
				388D900F1A135A31006AA441 /* GeometryPass.h */,
				388D90121A135A31006AA441 /* main.cpp */,
				388D90151A135A31006AA441 /* ScreenPass.cpp */,
				388D90161A135A31006AA441 /* ScreenPass.h */,
				388D90171A135A31006AA441 /* Shared.cpp */,
				388D90181A135A31006AA441 /* Shared.h */,
				388D90191A135A31006AA441 /* SSAOPass.cpp */,
				388D901A1A135A31006AA441 /* SSAOPass.h */,
				38F701411A1455FE00DC8AD8 /* Utils.h */,
				38A423CA1A15D44C0079AD58 /* Utils.cpp */,
				38DFB4661A15791C00F5AA6D /* FinalPass.cpp */,
				38DFB4671A15791C00F5AA6D /* FinalPass.h */,
				38FBC4FA1A2C5BD40024CD24 /* AssetDB.cpp */,
				38FBC4FB1A2C5BD40024CD24 /* AssetDB.h */,
				38FBC4FD1A2C6F830024CD24 /* Material.cpp */,
				38FBC4FE1A2C6F830024CD24 /* Material.h */,
				3874AB681A3702CC00FDB712 /* KeyboardHandler.cpp */,
				3874AB691A3702CC00FDB712 /* KeyboardHandler.h */,
				3874AB6B1A37040600FDB712 /* SceneEventCallback.cpp */,
				3874AB6C1A37040600FDB712 /* SceneEventCallback.h */,
				38E0EEBD1A3AB52E004DD045 /* HDRPass.cpp */,
				38E0EEBE1A3AB52E004DD045 /* HDRPass.h */,
				38B3CA5D1A6AF26B000335F0 /* Core.cpp */,
				38B3CA5E1A6AF26B000335F0 /* Core.h */,
				38B3CA601A6B2351000335F0 /* LightHandler.cpp */,
				38B3CA611A6B2351000335F0 /* LightHandler.h */,
				385411C31A93648F002812EE /* LightTrackBallManipulator.cpp */,
				385411C41A93648F002812EE /* LightTrackBallManipulator.h */,
			);
			path = vrphysics;
			sourceTree = "<group>";
		};
		38CC31ED19FF0E810076EE97 /* libs */ = {
			isa = PBXGroup;
			children = (
				38EDCBDF1A2DED62008B5C88 /* libosgOcean.dylib */,
				38C4BC6019FE3F6D005430B2 /* osgdb_deprecated_osg.so */,
				38C4BC6119FE3F6D005430B2 /* osgdb_osg.so */,
				38C4BBFA19FE2D49005430B2 /* libOpenThreads.3.2.1.dylib */,
				38C4BBFB19FE2D49005430B2 /* libOpenThreads.20.dylib */,
				38C4BBFC19FE2D49005430B2 /* libOpenThreads.dylib */,
				38C4BBFD19FE2D49005430B2 /* libosg.3.2.1.dylib */,
				38C4BBFE19FE2D49005430B2 /* libosg.100.dylib */,
				38C4BBFF19FE2D49005430B2 /* libosg.dylib */,
				38C4BC0019FE2D49005430B2 /* libosgAnimation.3.2.1.dylib */,
				38C4BC0119FE2D49005430B2 /* libosgAnimation.100.dylib */,
				38C4BC0219FE2D49005430B2 /* libosgAnimation.dylib */,
				38C4BC0319FE2D49005430B2 /* libosgDB.3.2.1.dylib */,
				38C4BC0419FE2D49005430B2 /* libosgDB.100.dylib */,
				38C4BC0519FE2D49005430B2 /* libosgDB.dylib */,
				38C4BC0619FE2D49005430B2 /* libosgFX.3.2.1.dylib */,
				38C4BC0719FE2D49005430B2 /* libosgFX.100.dylib */,
				38C4BC0819FE2D49005430B2 /* libosgFX.dylib */,
				38C4BC0919FE2D49005430B2 /* libosgGA.3.2.1.dylib */,
				38C4BC0A19FE2D49005430B2 /* libosgGA.100.dylib */,
				38C4BC0B19FE2D49005430B2 /* libosgGA.dylib */,
				38C4BC0C19FE2D49005430B2 /* libosgManipulator.3.2.1.dylib */,
				38C4BC0D19FE2D49005430B2 /* libosgManipulator.100.dylib */,
				38C4BC0E19FE2D49005430B2 /* libosgManipulator.dylib */,
				38C4BC0F19FE2D49005430B2 /* libosgParticle.3.2.1.dylib */,
				38C4BC1019FE2D49005430B2 /* libosgParticle.100.dylib */,
				38C4BC1119FE2D49005430B2 /* libosgParticle.dylib */,
				38C4BC1219FE2D49005430B2 /* libosgPresentation.3.2.1.dylib */,
				38C4BC1319FE2D49005430B2 /* libosgPresentation.100.dylib */,
				38C4BC1419FE2D49005430B2 /* libosgPresentation.dylib */,
				38C4BC1519FE2D49005430B2 /* libosgShadow.3.2.1.dylib */,
				38C4BC1619FE2D49005430B2 /* libosgShadow.100.dylib */,
				38C4BC1719FE2D49005430B2 /* libosgShadow.dylib */,
				38C4BC1819FE2D49005430B2 /* libosgSim.3.2.1.dylib */,
				38C4BC1919FE2D49005430B2 /* libosgSim.100.dylib */,
				38C4BC1A19FE2D49005430B2 /* libosgSim.dylib */,
				38C4BC1B19FE2D49005430B2 /* libosgTerrain.3.2.1.dylib */,
				38C4BC1C19FE2D49005430B2 /* libosgTerrain.100.dylib */,
				38C4BC1D19FE2D49005430B2 /* libosgTerrain.dylib */,
				38C4BC1E19FE2D49005430B2 /* libosgText.3.2.1.dylib */,
				38C4BC1F19FE2D49005430B2 /* libosgText.100.dylib */,
				38C4BC2019FE2D49005430B2 /* libosgText.dylib */,
				38C4BC2119FE2D49005430B2 /* libosgUtil.3.2.1.dylib */,
				38C4BC2219FE2D49005430B2 /* libosgUtil.100.dylib */,
				38C4BC2319FE2D49005430B2 /* libosgUtil.dylib */,
				38C4BC2419FE2D49005430B2 /* libosgViewer.3.2.1.dylib */,
				38C4BC2519FE2D49005430B2 /* libosgViewer.100.dylib */,
				38C4BC2619FE2D49005430B2 /* libosgViewer.dylib */,
				38C4BC2719FE2D49005430B2 /* libosgVolume.3.2.1.dylib */,
				38C4BC2819FE2D49005430B2 /* libosgVolume.100.dylib */,
				38C4BC2919FE2D49005430B2 /* libosgVolume.dylib */,
				38C4BC2A19FE2D49005430B2 /* libosgWidget.3.2.1.dylib */,
				38C4BC2B19FE2D49005430B2 /* libosgWidget.100.dylib */,
				38C4BC2C19FE2D49005430B2 /* libosgWidget.dylib */,
			);
			name = libs;
			sourceTree = "<group>";
		};
		38D648B01A0C7C4D0088AF3C /* data */ = {
			isa = PBXGroup;
			children = (
				385B17A31A9043C300CD42B6 /* poisson.txt */,
				385B17931A9042B400CD42B6 /* lightSphere.obj */,
				385B17941A9042B400CD42B6 /* poissow.tga */,
				385B17951A9042B400CD42B6 /* poissow.dds */,
				385B17961A9042B400CD42B6 /* Habib_House_Med.dds */,
				385B17971A9042B400CD42B6 /* table.3ds */,
				385B17981A9042B400CD42B6 /* tablewood.jpg */,
				385B17991A9042B400CD42B6 /* concrete.jpg */,
				385B179A1A9042B400CD42B6 /* random.png */,
				385B179B1A9042B400CD42B6 /* west.png */,
				385B179C1A9042B400CD42B6 /* east.png */,
				385B179D1A9042B400CD42B6 /* south.png */,
				385B179E1A9042B400CD42B6 /* north.png */,
				385B179F1A9042B400CD42B6 /* down.png */,
				385B17A01A9042B400CD42B6 /* up.png */,
				385B17A11A9042B400CD42B6 /* poissow.raw */,
				385B17A21A9042B400CD42B6 /* castle.3DS */,
			);
			name = data;
			sourceTree = "<group>";
		};
		38D648B31A0C8B4C0088AF3C /* shaders */ = {
			isa = PBXGroup;
			children = (
				385B17771A9042A500CD42B6 /* importanceSampling.vert */,
				385B17781A9042A500CD42B6 /* importanceSampling.frag */,
				385B17791A9042A500CD42B6 /* indirectLighting.frag */,
				385B177A1A9042A500CD42B6 /* indirectLighting.vert */,
				385B17851A9042A500CD42B6 /* orthoDepthMap.vert */,
				385B177C1A9042A500CD42B6 /* orthoDepthMap.frag */,
				385B177B1A9042A500CD42B6 /* pointLightPass.frag */,
				385B177E1A9042A500CD42B6 /* pointLightPass.vert */,
				385B177F1A9042A500CD42B6 /* pointLightStencil.frag */,
				385B17801A9042A500CD42B6 /* pointLightStencil.vert */,
				385B17811A9042A500CD42B6 /* gbuffer.vert */,
				385B17821A9042A500CD42B6 /* gbuffer.frag */,
				385B17831A9042A500CD42B6 /* dirLight.frag */,
				385B17841A9042A500CD42B6 /* gbuffertex.frag */,
				385B17861A9042A500CD42B6 /* fluxMipmap.frag */,
				385B17871A9042A500CD42B6 /* fluxMipmap.vert */,
				385B17881A9042A500CD42B6 /* gbuffertex.vert */,
				385B17891A9042A500CD42B6 /* dirLight.vert */,
				385B178B1A9042A500CD42B6 /* toneMapping.frag */,
				385B178C1A9042A500CD42B6 /* toneMapping.vert */,
				385B178D1A9042A500CD42B6 /* fxaa.vert */,
				385B178E1A9042A500CD42B6 /* fxaa.frag */,
				385B178F1A9042A500CD42B6 /* ssao.vert */,
				385B177D1A9042A500CD42B6 /* ssao.frag */,
				385B178A1A9042A500CD42B6 /* finalPass.frag */,
				385B17901A9042A500CD42B6 /* finalPass.vert */,
				385B17911A9042A500CD42B6 /* mainScene.frag */,
				385B17921A9042A500CD42B6 /* mainScene.vert */,
			);
			name = shaders;
			sourceTree = "<group>";
		};
/* End PBXGroup section */

/* Begin PBXNativeTarget section */
		38C4BBEF19FE2CBE005430B2 /* vrphysics */ = {
			isa = PBXNativeTarget;
			buildConfigurationList = 38C4BBF719FE2CBE005430B2 /* Build configuration list for PBXNativeTarget "vrphysics" */;
			buildPhases = (
				38C4BBEC19FE2CBE005430B2 /* Sources */,
				38C4BBED19FE2CBE005430B2 /* Frameworks */,
				38C4BBEE19FE2CBE005430B2 /* CopyFiles */,
			);
			buildRules = (
			);
			dependencies = (
			);
			name = vrphysics;
			productName = vrphysics;
			productReference = 38C4BBF019FE2CBE005430B2 /* vrphysics */;
			productType = "com.apple.product-type.tool";
		};
/* End PBXNativeTarget section */

/* Begin PBXProject section */
		38C4BBE819FE2CBE005430B2 /* Project object */ = {
			isa = PBXProject;
			attributes = {
				LastUpgradeCheck = 0610;
				ORGANIZATIONNAME = WSH;
				TargetAttributes = {
					38C4BBEF19FE2CBE005430B2 = {
						CreatedOnToolsVersion = 6.1;
					};
				};
			};
			buildConfigurationList = 38C4BBEB19FE2CBE005430B2 /* Build configuration list for PBXProject "vrphysics" */;
			compatibilityVersion = "Xcode 3.2";
			developmentRegion = English;
			hasScannedForEncodings = 0;
			knownRegions = (
				en,
			);
			mainGroup = 38C4BBE719FE2CBE005430B2;
			productRefGroup = 38C4BBF119FE2CBE005430B2 /* Products */;
			projectDirPath = "";
			projectRoot = "";
			targets = (
				38C4BBEF19FE2CBE005430B2 /* vrphysics */,
			);
		};
/* End PBXProject section */

/* Begin PBXSourcesBuildPhase section */
		38C4BBEC19FE2CBE005430B2 /* Sources */ = {
			isa = PBXSourcesBuildPhase;
			buildActionMask = 2147483647;
			files = (
				38B3CA5F1A6AF26B000335F0 /* Core.cpp in Sources */,
				3874AB6D1A37040600FDB712 /* SceneEventCallback.cpp in Sources */,
				383BB5E41A2817F0004DCC82 /* DirectionalLightCallback.cpp in Sources */,
				380C4ED01A27E71A00301094 /* DirectionalLight.cpp in Sources */,
				388D90201A135A31006AA441 /* Shared.cpp in Sources */,
				384385AF1A169DF800A5EA27 /* PointLight.cpp in Sources */,
				385DAF6A1A8563DF00476CA3 /* VPLGroup.cpp in Sources */,
				388D901F1A135A31006AA441 /* ScreenPass.cpp in Sources */,
				384294451A857295005A85B5 /* IndirectLightingPass.cpp in Sources */,
				386B4C1C1A748DA3009FAB89 /* ImportanceSamplingPass.cpp in Sources */,
				3874AB6A1A3702CC00FDB712 /* KeyboardHandler.cpp in Sources */,
				38DFB4681A15791C00F5AA6D /* FinalPass.cpp in Sources */,
				38A423CB1A15D44C0079AD58 /* Utils.cpp in Sources */,
				388D901E1A135A31006AA441 /* LightGroup.cpp in Sources */,
				38FBC4FF1A2C6F830024CD24 /* Material.cpp in Sources */,
				38E0EEBF1A3AB52E004DD045 /* HDRPass.cpp in Sources */,
				382A98981A5C8C35004AA60F /* SpotLight.cpp in Sources */,
				3832F9571A16C96C00E8E127 /* LightGroupAnimationCallback.cpp in Sources */,
				38B3CA7E1A6CE391000335F0 /* ShadowCallback.cpp in Sources */,
				388D90211A135A31006AA441 /* SSAOPass.cpp in Sources */,
				388D901C1A135A31006AA441 /* LightingPass.cpp in Sources */,
				38AB05431A15D2B3005FAEC3 /* LightCallback.cpp in Sources */,
				38E0EECB1A3B518C004DD045 /* SphereSegment.cpp in Sources */,
				38E0EEC71A3B50E0004DD045 /* SkyDome.cpp in Sources */,
				38764D611A5DFA3500B827E8 /* ShadowGroup.cpp in Sources */,
				38764D5A1A5DF3BE00B827E8 /* SpotLightGroup.cpp in Sources */,
				38C0B8E71A27ECDD0060E169 /* DirectionalLightingPass.cpp in Sources */,
				38FBC4FC1A2C5BD40024CD24 /* AssetDB.cpp in Sources */,
				38C0B8E41A27E8EF0060E169 /* DirectionalLightGroup.cpp in Sources */,
				388D901B1A135A31006AA441 /* GeometryPass.cpp in Sources */,
				388D901D1A135A31006AA441 /* main.cpp in Sources */,
				38B3CA621A6B2351000335F0 /* LightHandler.cpp in Sources */,
				385411C51A93648F002812EE /* LightTrackBallManipulator.cpp in Sources */,
			);
			runOnlyForDeploymentPostprocessing = 0;
		};
/* End PBXSourcesBuildPhase section */

/* Begin XCBuildConfiguration section */
		38C4BBF519FE2CBE005430B2 /* Debug */ = {
			isa = XCBuildConfiguration;
			buildSettings = {
				ALWAYS_SEARCH_USER_PATHS = NO;
				CLANG_CXX_LANGUAGE_STANDARD = "c++98";
				CLANG_CXX_LIBRARY = "libstdc++";
				CLANG_ENABLE_MODULES = YES;
				CLANG_ENABLE_OBJC_ARC = YES;
				CLANG_WARN_BOOL_CONVERSION = YES;
				CLANG_WARN_CONSTANT_CONVERSION = YES;
				CLANG_WARN_DIRECT_OBJC_ISA_USAGE = YES_ERROR;
				CLANG_WARN_EMPTY_BODY = YES;
				CLANG_WARN_ENUM_CONVERSION = YES;
				CLANG_WARN_INT_CONVERSION = YES;
				CLANG_WARN_OBJC_ROOT_CLASS = YES_ERROR;
				CLANG_WARN_UNREACHABLE_CODE = YES;
				CLANG_WARN__DUPLICATE_METHOD_MATCH = YES;
				COPY_PHASE_STRIP = NO;
				ENABLE_STRICT_OBJC_MSGSEND = YES;
				GCC_C_LANGUAGE_STANDARD = gnu99;
				GCC_DYNAMIC_NO_PIC = NO;
				GCC_OPTIMIZATION_LEVEL = 0;
				GCC_PREPROCESSOR_DEFINITIONS = (
					"DEBUG=1",
					"$(inherited)",
				);
				GCC_SYMBOLS_PRIVATE_EXTERN = NO;
				GCC_WARN_64_TO_32_BIT_CONVERSION = YES;
				GCC_WARN_ABOUT_RETURN_TYPE = YES_ERROR;
				GCC_WARN_UNDECLARED_SELECTOR = YES;
				GCC_WARN_UNINITIALIZED_AUTOS = YES_AGGRESSIVE;
				GCC_WARN_UNUSED_FUNCTION = YES;
				GCC_WARN_UNUSED_VARIABLE = YES;
				MACOSX_DEPLOYMENT_TARGET = 10.9;
				MTL_ENABLE_DEBUG_INFO = YES;
				ONLY_ACTIVE_ARCH = YES;
				SDKROOT = macosx;
			};
			name = Debug;
		};
		38C4BBF619FE2CBE005430B2 /* Release */ = {
			isa = XCBuildConfiguration;
			buildSettings = {
				ALWAYS_SEARCH_USER_PATHS = NO;
				CLANG_CXX_LANGUAGE_STANDARD = "c++98";
				CLANG_CXX_LIBRARY = "libstdc++";
				CLANG_ENABLE_MODULES = YES;
				CLANG_ENABLE_OBJC_ARC = YES;
				CLANG_WARN_BOOL_CONVERSION = YES;
				CLANG_WARN_CONSTANT_CONVERSION = YES;
				CLANG_WARN_DIRECT_OBJC_ISA_USAGE = YES_ERROR;
				CLANG_WARN_EMPTY_BODY = YES;
				CLANG_WARN_ENUM_CONVERSION = YES;
				CLANG_WARN_INT_CONVERSION = YES;
				CLANG_WARN_OBJC_ROOT_CLASS = YES_ERROR;
				CLANG_WARN_UNREACHABLE_CODE = YES;
				CLANG_WARN__DUPLICATE_METHOD_MATCH = YES;
				COPY_PHASE_STRIP = YES;
				DEBUG_INFORMATION_FORMAT = "dwarf-with-dsym";
				ENABLE_NS_ASSERTIONS = NO;
				ENABLE_STRICT_OBJC_MSGSEND = YES;
				GCC_C_LANGUAGE_STANDARD = gnu99;
				GCC_WARN_64_TO_32_BIT_CONVERSION = YES;
				GCC_WARN_ABOUT_RETURN_TYPE = YES_ERROR;
				GCC_WARN_UNDECLARED_SELECTOR = YES;
				GCC_WARN_UNINITIALIZED_AUTOS = YES_AGGRESSIVE;
				GCC_WARN_UNUSED_FUNCTION = YES;
				GCC_WARN_UNUSED_VARIABLE = YES;
				MACOSX_DEPLOYMENT_TARGET = 10.9;
				MTL_ENABLE_DEBUG_INFO = NO;
				SDKROOT = macosx;
			};
			name = Release;
		};
		38C4BBF819FE2CBE005430B2 /* Debug */ = {
			isa = XCBuildConfiguration;
			buildSettings = {
				CLANG_CXX_LANGUAGE_STANDARD = "c++98";
				CLANG_CXX_LIBRARY = "libstdc++";
				DYLIB_INSTALL_NAME_BASE = "";
				HEADER_SEARCH_PATHS = (
					"$(inherited)",
					/Applications/Xcode.app/Contents/Developer/Toolchains/XcodeDefault.xctoolchain/usr/include,
					"/Users/Wqxhouse-Mac/vrproject/OpenSceneGraph-3.2.1/include",
					"/Users/Wqxhouse-Mac/vrproject/osgocean/include",
				);
				LD_DYLIB_INSTALL_NAME = "";
				LD_NO_PIE = NO;
				LIBRARY_SEARCH_PATHS = (
					"/Users/Wqxhouse-Mac/vrproject/OpenSceneGraph-3.2.1/releaselib/**",
					"/Users/Wqxhouse-Mac/vrproject/osgocean/lib",
				);
				PRELINK_LIBS = "";
				PRODUCT_NAME = "$(TARGET_NAME)";
			};
			name = Debug;
		};
		38C4BBF919FE2CBE005430B2 /* Release */ = {
			isa = XCBuildConfiguration;
			buildSettings = {
				CLANG_CXX_LANGUAGE_STANDARD = "c++98";
				CLANG_CXX_LIBRARY = "libstdc++";
				DYLIB_INSTALL_NAME_BASE = "";
				HEADER_SEARCH_PATHS = (
					"$(inherited)",
					/Applications/Xcode.app/Contents/Developer/Toolchains/XcodeDefault.xctoolchain/usr/include,
					"/Users/Wqxhouse-Mac/vrproject/OpenSceneGraph-3.2.1/include",
					"/Users/Wqxhouse-Mac/vrproject/osgocean/include",
				);
				LD_DYLIB_INSTALL_NAME = "";
				LD_NO_PIE = NO;
				LIBRARY_SEARCH_PATHS = (
					"/Users/Wqxhouse-Mac/vrproject/OpenSceneGraph-3.2.1/releaselib/**",
					"/Users/Wqxhouse-Mac/vrproject/osgocean/lib",
				);
				PRELINK_LIBS = "";
				PRODUCT_NAME = "$(TARGET_NAME)";
			};
			name = Release;
		};
/* End XCBuildConfiguration section */

/* Begin XCConfigurationList section */
		38C4BBEB19FE2CBE005430B2 /* Build configuration list for PBXProject "vrphysics" */ = {
			isa = XCConfigurationList;
			buildConfigurations = (
				38C4BBF519FE2CBE005430B2 /* Debug */,
				38C4BBF619FE2CBE005430B2 /* Release */,
			);
			defaultConfigurationIsVisible = 0;
			defaultConfigurationName = Release;
		};
		38C4BBF719FE2CBE005430B2 /* Build configuration list for PBXNativeTarget "vrphysics" */ = {
			isa = XCConfigurationList;
			buildConfigurations = (
				38C4BBF819FE2CBE005430B2 /* Debug */,
				38C4BBF919FE2CBE005430B2 /* Release */,
			);
			defaultConfigurationIsVisible = 0;
			defaultConfigurationName = Release;
		};
/* End XCConfigurationList section */
	};
	rootObject = 38C4BBE819FE2CBE005430B2 /* Project object */;
}
